// !$*UTF8*$!
{
	archiveVersion = 1;
	classes = {
	};
	objectVersion = 50;
	objects = {

/* Begin PBXBuildFile section */
		39E88D9C2249E9A70018366D /* MJRSettingsViewController.m in Sources */ = {isa = PBXBuildFile; fileRef = 39E88D9B2249E9A70018366D /* MJRSettingsViewController.m */; };
		39E88D9F2249E9BB0018366D /* MJRPlanet.m in Sources */ = {isa = PBXBuildFile; fileRef = 39E88D9E2249E9BB0018366D /* MJRPlanet.m */; };
		39E88DA22249E9EF0018366D /* MJRPlanetController.m in Sources */ = {isa = PBXBuildFile; fileRef = 39E88DA12249E9EF0018366D /* MJRPlanetController.m */; };
		39E88DA52249EA100018366D /* MJRPlanetCollectionViewCell.m in Sources */ = {isa = PBXBuildFile; fileRef = 39E88DA42249EA100018366D /* MJRPlanetCollectionViewCell.m */; };
		39E88DA82249EA3A0018366D /* MJRPlanetsCollectionViewController.m in Sources */ = {isa = PBXBuildFile; fileRef = 39E88DA72249EA3A0018366D /* MJRPlanetsCollectionViewController.m */; };
		39EA0B712249895E007E5DAF /* AppDelegate.m in Sources */ = {isa = PBXBuildFile; fileRef = 39EA0B702249895E007E5DAF /* AppDelegate.m */; };
		39EA0B772249895E007E5DAF /* Main.storyboard in Resources */ = {isa = PBXBuildFile; fileRef = 39EA0B752249895E007E5DAF /* Main.storyboard */; };
		39EA0B792249895F007E5DAF /* Assets.xcassets in Resources */ = {isa = PBXBuildFile; fileRef = 39EA0B782249895F007E5DAF /* Assets.xcassets */; };
		39EA0B7C2249895F007E5DAF /* LaunchScreen.storyboard in Resources */ = {isa = PBXBuildFile; fileRef = 39EA0B7A2249895F007E5DAF /* LaunchScreen.storyboard */; };
		39EA0B7F2249895F007E5DAF /* main.m in Sources */ = {isa = PBXBuildFile; fileRef = 39EA0B7E2249895F007E5DAF /* main.m */; };
/* End PBXBuildFile section */

/* Begin PBXFileReference section */
		39E88D9A2249E9A70018366D /* MJRSettingsViewController.h */ = {isa = PBXFileReference; lastKnownFileType = sourcecode.c.h; path = MJRSettingsViewController.h; sourceTree = "<group>"; };
		39E88D9B2249E9A70018366D /* MJRSettingsViewController.m */ = {isa = PBXFileReference; lastKnownFileType = sourcecode.c.objc; path = MJRSettingsViewController.m; sourceTree = "<group>"; };
		39E88D9D2249E9BB0018366D /* MJRPlanet.h */ = {isa = PBXFileReference; lastKnownFileType = sourcecode.c.h; path = MJRPlanet.h; sourceTree = "<group>"; };
		39E88D9E2249E9BB0018366D /* MJRPlanet.m */ = {isa = PBXFileReference; lastKnownFileType = sourcecode.c.objc; path = MJRPlanet.m; sourceTree = "<group>"; };
		39E88DA02249E9EF0018366D /* MJRPlanetController.h */ = {isa = PBXFileReference; lastKnownFileType = sourcecode.c.h; path = MJRPlanetController.h; sourceTree = "<group>"; };
		39E88DA12249E9EF0018366D /* MJRPlanetController.m */ = {isa = PBXFileReference; lastKnownFileType = sourcecode.c.objc; path = MJRPlanetController.m; sourceTree = "<group>"; };
		39E88DA32249EA100018366D /* MJRPlanetCollectionViewCell.h */ = {isa = PBXFileReference; lastKnownFileType = sourcecode.c.h; path = MJRPlanetCollectionViewCell.h; sourceTree = "<group>"; };
		39E88DA42249EA100018366D /* MJRPlanetCollectionViewCell.m */ = {isa = PBXFileReference; lastKnownFileType = sourcecode.c.objc; path = MJRPlanetCollectionViewCell.m; sourceTree = "<group>"; };
		39E88DA62249EA3A0018366D /* MJRPlanetsCollectionViewController.h */ = {isa = PBXFileReference; lastKnownFileType = sourcecode.c.h; path = MJRPlanetsCollectionViewController.h; sourceTree = "<group>"; };
		39E88DA72249EA3A0018366D /* MJRPlanetsCollectionViewController.m */ = {isa = PBXFileReference; lastKnownFileType = sourcecode.c.objc; path = MJRPlanetsCollectionViewController.m; sourceTree = "<group>"; };
		39EA0B6C2249895E007E5DAF /* Planets Obj-C.app */ = {isa = PBXFileReference; explicitFileType = wrapper.application; includeInIndex = 0; path = "Planets Obj-C.app"; sourceTree = BUILT_PRODUCTS_DIR; };
		39EA0B6F2249895E007E5DAF /* AppDelegate.h */ = {isa = PBXFileReference; lastKnownFileType = sourcecode.c.h; path = AppDelegate.h; sourceTree = "<group>"; };
		39EA0B702249895E007E5DAF /* AppDelegate.m */ = {isa = PBXFileReference; lastKnownFileType = sourcecode.c.objc; path = AppDelegate.m; sourceTree = "<group>"; };
		39EA0B762249895E007E5DAF /* Base */ = {isa = PBXFileReference; lastKnownFileType = file.storyboard; name = Base; path = Base.lproj/Main.storyboard; sourceTree = "<group>"; };
		39EA0B782249895F007E5DAF /* Assets.xcassets */ = {isa = PBXFileReference; lastKnownFileType = folder.assetcatalog; path = Assets.xcassets; sourceTree = "<group>"; };
		39EA0B7B2249895F007E5DAF /* Base */ = {isa = PBXFileReference; lastKnownFileType = file.storyboard; name = Base; path = Base.lproj/LaunchScreen.storyboard; sourceTree = "<group>"; };
		39EA0B7D2249895F007E5DAF /* Info.plist */ = {isa = PBXFileReference; lastKnownFileType = text.plist.xml; path = Info.plist; sourceTree = "<group>"; };
		39EA0B7E2249895F007E5DAF /* main.m */ = {isa = PBXFileReference; lastKnownFileType = sourcecode.c.objc; path = main.m; sourceTree = "<group>"; };
/* End PBXFileReference section */

/* Begin PBXFrameworksBuildPhase section */
		39EA0B692249895E007E5DAF /* Frameworks */ = {
			isa = PBXFrameworksBuildPhase;
			buildActionMask = 2147483647;
			files = (
			);
			runOnlyForDeploymentPostprocessing = 0;
		};
/* End PBXFrameworksBuildPhase section */

/* Begin PBXGroup section */
		39E88D932249E9150018366D /* Model */ = {
			isa = PBXGroup;
			children = (
				39E88D9D2249E9BB0018366D /* MJRPlanet.h */,
				39E88D9E2249E9BB0018366D /* MJRPlanet.m */,
			);
			path = Model;
			sourceTree = "<group>";
		};
		39E88D942249E91C0018366D /* View Controllers */ = {
			isa = PBXGroup;
			children = (
				39E88DA62249EA3A0018366D /* MJRPlanetsCollectionViewController.h */,
				39E88DA72249EA3A0018366D /* MJRPlanetsCollectionViewController.m */,
				39E88D9A2249E9A70018366D /* MJRSettingsViewController.h */,
				39E88D9B2249E9A70018366D /* MJRSettingsViewController.m */,
			);
			path = "View Controllers";
			sourceTree = "<group>";
		};
		39E88D952249E9240018366D /* Model Controller */ = {
			isa = PBXGroup;
			children = (
				39E88DA02249E9EF0018366D /* MJRPlanetController.h */,
				39E88DA12249E9EF0018366D /* MJRPlanetController.m */,
			);
			path = "Model Controller";
			sourceTree = "<group>";
		};
		39E88D962249E9480018366D /* Views */ = {
			isa = PBXGroup;
			children = (
				39E88DA32249EA100018366D /* MJRPlanetCollectionViewCell.h */,
				39E88DA42249EA100018366D /* MJRPlanetCollectionViewCell.m */,
			);
			path = Views;
			sourceTree = "<group>";
		};
		39EA0B632249895E007E5DAF = {
			isa = PBXGroup;
			children = (
				39EA0B6E2249895E007E5DAF /* Planets Obj-C */,
				39EA0B6D2249895E007E5DAF /* Products */,
			);
			sourceTree = "<group>";
		};
		39EA0B6D2249895E007E5DAF /* Products */ = {
			isa = PBXGroup;
			children = (
				39EA0B6C2249895E007E5DAF /* Planets Obj-C.app */,
			);
			name = Products;
			sourceTree = "<group>";
		};
		39EA0B6E2249895E007E5DAF /* Planets Obj-C */ = {
			isa = PBXGroup;
			children = (
				39EA0B752249895E007E5DAF /* Main.storyboard */,
				39E88D932249E9150018366D /* Model */,
				39E88D952249E9240018366D /* Model Controller */,
				39E88D942249E91C0018366D /* View Controllers */,
				39E88D962249E9480018366D /* Views */,
				39EA0B8522498973007E5DAF /* Resources */,
				39EA0B7D2249895F007E5DAF /* Info.plist */,
			);
			path = "Planets Obj-C";
			sourceTree = "<group>";
		};
		39EA0B8522498973007E5DAF /* Resources */ = {
			isa = PBXGroup;
			children = (
				39EA0B6F2249895E007E5DAF /* AppDelegate.h */,
				39EA0B702249895E007E5DAF /* AppDelegate.m */,
				39EA0B782249895F007E5DAF /* Assets.xcassets */,
				39EA0B7A2249895F007E5DAF /* LaunchScreen.storyboard */,
				39EA0B7E2249895F007E5DAF /* main.m */,
			);
			path = Resources;
			sourceTree = "<group>";
		};
/* End PBXGroup section */

/* Begin PBXNativeTarget section */
		39EA0B6B2249895E007E5DAF /* Planets Obj-C */ = {
			isa = PBXNativeTarget;
			buildConfigurationList = 39EA0B822249895F007E5DAF /* Build configuration list for PBXNativeTarget "Planets Obj-C" */;
			buildPhases = (
				39EA0B682249895E007E5DAF /* Sources */,
				39EA0B692249895E007E5DAF /* Frameworks */,
				39EA0B6A2249895E007E5DAF /* Resources */,
			);
			buildRules = (
			);
			dependencies = (
			);
			name = "Planets Obj-C";
			productName = "Planets Obj-C";
			productReference = 39EA0B6C2249895E007E5DAF /* Planets Obj-C.app */;
			productType = "com.apple.product-type.application";
		};
/* End PBXNativeTarget section */

/* Begin PBXProject section */
		39EA0B642249895E007E5DAF /* Project object */ = {
			isa = PBXProject;
			attributes = {
				CLASSPREFIX = MJR;
				LastUpgradeCheck = 1020;
				ORGANIZATIONNAME = "Moses Robinson";
				TargetAttributes = {
					39EA0B6B2249895E007E5DAF = {
						CreatedOnToolsVersion = 10.2;
					};
				};
			};
			buildConfigurationList = 39EA0B672249895E007E5DAF /* Build configuration list for PBXProject "Planets Obj-C" */;
			compatibilityVersion = "Xcode 9.3";
			developmentRegion = en;
			hasScannedForEncodings = 0;
			knownRegions = (
				en,
				Base,
			);
			mainGroup = 39EA0B632249895E007E5DAF;
			productRefGroup = 39EA0B6D2249895E007E5DAF /* Products */;
			projectDirPath = "";
			projectRoot = "";
			targets = (
				39EA0B6B2249895E007E5DAF /* Planets Obj-C */,
			);
		};
/* End PBXProject section */

/* Begin PBXResourcesBuildPhase section */
		39EA0B6A2249895E007E5DAF /* Resources */ = {
			isa = PBXResourcesBuildPhase;
			buildActionMask = 2147483647;
			files = (
				39EA0B7C2249895F007E5DAF /* LaunchScreen.storyboard in Resources */,
				39EA0B792249895F007E5DAF /* Assets.xcassets in Resources */,
				39EA0B772249895E007E5DAF /* Main.storyboard in Resources */,
			);
			runOnlyForDeploymentPostprocessing = 0;
		};
/* End PBXResourcesBuildPhase section */

/* Begin PBXSourcesBuildPhase section */
		39EA0B682249895E007E5DAF /* Sources */ = {
			isa = PBXSourcesBuildPhase;
			buildActionMask = 2147483647;
			files = (
				39EA0B7F2249895F007E5DAF /* main.m in Sources */,
				39E88DA22249E9EF0018366D /* MJRPlanetController.m in Sources */,
				39E88DA82249EA3A0018366D /* MJRPlanetsCollectionViewController.m in Sources */,
				39E88D9F2249E9BB0018366D /* MJRPlanet.m in Sources */,
				39EA0B712249895E007E5DAF /* AppDelegate.m in Sources */,
				39E88DA52249EA100018366D /* MJRPlanetCollectionViewCell.m in Sources */,
				39E88D9C2249E9A70018366D /* MJRSettingsViewController.m in Sources */,
			);
			runOnlyForDeploymentPostprocessing = 0;
		};
/* End PBXSourcesBuildPhase section */

/* Begin PBXVariantGroup section */
		39EA0B752249895E007E5DAF /* Main.storyboard */ = {
			isa = PBXVariantGroup;
			children = (
				39EA0B762249895E007E5DAF /* Base */,
			);
			name = Main.storyboard;
			sourceTree = "<group>";
		};
		39EA0B7A2249895F007E5DAF /* LaunchScreen.storyboard */ = {
			isa = PBXVariantGroup;
			children = (
				39EA0B7B2249895F007E5DAF /* Base */,
			);
			name = LaunchScreen.storyboard;
			sourceTree = "<group>";
		};
/* End PBXVariantGroup section */

/* Begin XCBuildConfiguration section */
		39EA0B802249895F007E5DAF /* Debug */ = {
			isa = XCBuildConfiguration;
			buildSettings = {
				ALWAYS_SEARCH_USER_PATHS = NO;
				CLANG_ANALYZER_NONNULL = YES;
				CLANG_ANALYZER_NUMBER_OBJECT_CONVERSION = YES_AGGRESSIVE;
				CLANG_CXX_LANGUAGE_STANDARD = "gnu++14";
				CLANG_CXX_LIBRARY = "libc++";
				CLANG_ENABLE_MODULES = YES;
				CLANG_ENABLE_OBJC_ARC = YES;
				CLANG_ENABLE_OBJC_WEAK = YES;
				CLANG_WARN_BLOCK_CAPTURE_AUTORELEASING = YES;
				CLANG_WARN_BOOL_CONVERSION = YES;
				CLANG_WARN_COMMA = YES;
				CLANG_WARN_CONSTANT_CONVERSION = YES;
				CLANG_WARN_DEPRECATED_OBJC_IMPLEMENTATIONS = YES;
				CLANG_WARN_DIRECT_OBJC_ISA_USAGE = YES_ERROR;
				CLANG_WARN_DOCUMENTATION_COMMENTS = YES;
				CLANG_WARN_EMPTY_BODY = YES;
				CLANG_WARN_ENUM_CONVERSION = YES;
				CLANG_WARN_INFINITE_RECURSION = YES;
				CLANG_WARN_INT_CONVERSION = YES;
				CLANG_WARN_NON_LITERAL_NULL_CONVERSION = YES;
				CLANG_WARN_OBJC_IMPLICIT_RETAIN_SELF = YES;
				CLANG_WARN_OBJC_LITERAL_CONVERSION = YES;
				CLANG_WARN_OBJC_ROOT_CLASS = YES_ERROR;
				CLANG_WARN_RANGE_LOOP_ANALYSIS = YES;
				CLANG_WARN_STRICT_PROTOTYPES = YES;
				CLANG_WARN_SUSPICIOUS_MOVE = YES;
				CLANG_WARN_UNGUARDED_AVAILABILITY = YES_AGGRESSIVE;
				CLANG_WARN_UNREACHABLE_CODE = YES;
				CLANG_WARN__DUPLICATE_METHOD_MATCH = YES;
				CODE_SIGN_IDENTITY = "iPhone Developer";
				COPY_PHASE_STRIP = NO;
				DEBUG_INFORMATION_FORMAT = dwarf;
				ENABLE_STRICT_OBJC_MSGSEND = YES;
				ENABLE_TESTABILITY = YES;
				GCC_C_LANGUAGE_STANDARD = gnu11;
				GCC_DYNAMIC_NO_PIC = NO;
				GCC_NO_COMMON_BLOCKS = YES;
				GCC_OPTIMIZATION_LEVEL = 0;
				GCC_PREPROCESSOR_DEFINITIONS = (
					"DEBUG=1",
					"$(inherited)",
				);
				GCC_WARN_64_TO_32_BIT_CONVERSION = YES;
				GCC_WARN_ABOUT_RETURN_TYPE = YES_ERROR;
				GCC_WARN_UNDECLARED_SELECTOR = YES;
				GCC_WARN_UNINITIALIZED_AUTOS = YES_AGGRESSIVE;
				GCC_WARN_UNUSED_FUNCTION = YES;
				GCC_WARN_UNUSED_VARIABLE = YES;
				IPHONEOS_DEPLOYMENT_TARGET = 12.2;
				MTL_ENABLE_DEBUG_INFO = INCLUDE_SOURCE;
				MTL_FAST_MATH = YES;
				ONLY_ACTIVE_ARCH = YES;
				SDKROOT = iphoneos;
			};
			name = Debug;
		};
		39EA0B812249895F007E5DAF /* Release */ = {
			isa = XCBuildConfiguration;
			buildSettings = {
				ALWAYS_SEARCH_USER_PATHS = NO;
				CLANG_ANALYZER_NONNULL = YES;
				CLANG_ANALYZER_NUMBER_OBJECT_CONVERSION = YES_AGGRESSIVE;
				CLANG_CXX_LANGUAGE_STANDARD = "gnu++14";
				CLANG_CXX_LIBRARY = "libc++";
				CLANG_ENABLE_MODULES = YES;
				CLANG_ENABLE_OBJC_ARC = YES;
				CLANG_ENABLE_OBJC_WEAK = YES;
				CLANG_WARN_BLOCK_CAPTURE_AUTORELEASING = YES;
				CLANG_WARN_BOOL_CONVERSION = YES;
				CLANG_WARN_COMMA = YES;
				CLANG_WARN_CONSTANT_CONVERSION = YES;
				CLANG_WARN_DEPRECATED_OBJC_IMPLEMENTATIONS = YES;
				CLANG_WARN_DIRECT_OBJC_ISA_USAGE = YES_ERROR;
				CLANG_WARN_DOCUMENTATION_COMMENTS = YES;
				CLANG_WARN_EMPTY_BODY = YES;
				CLANG_WARN_ENUM_CONVERSION = YES;
				CLANG_WARN_INFINITE_RECURSION = YES;
				CLANG_WARN_INT_CONVERSION = YES;
				CLANG_WARN_NON_LITERAL_NULL_CONVERSION = YES;
				CLANG_WARN_OBJC_IMPLICIT_RETAIN_SELF = YES;
				CLANG_WARN_OBJC_LITERAL_CONVERSION = YES;
				CLANG_WARN_OBJC_ROOT_CLASS = YES_ERROR;
				CLANG_WARN_RANGE_LOOP_ANALYSIS = YES;
				CLANG_WARN_STRICT_PROTOTYPES = YES;
				CLANG_WARN_SUSPICIOUS_MOVE = YES;
				CLANG_WARN_UNGUARDED_AVAILABILITY = YES_AGGRESSIVE;
				CLANG_WARN_UNREACHABLE_CODE = YES;
				CLANG_WARN__DUPLICATE_METHOD_MATCH = YES;
				CODE_SIGN_IDENTITY = "iPhone Developer";
				COPY_PHASE_STRIP = NO;
				DEBUG_INFORMATION_FORMAT = "dwarf-with-dsym";
				ENABLE_NS_ASSERTIONS = NO;
				ENABLE_STRICT_OBJC_MSGSEND = YES;
				GCC_C_LANGUAGE_STANDARD = gnu11;
				GCC_NO_COMMON_BLOCKS = YES;
				GCC_WARN_64_TO_32_BIT_CONVERSION = YES;
				GCC_WARN_ABOUT_RETURN_TYPE = YES_ERROR;
				GCC_WARN_UNDECLARED_SELECTOR = YES;
				GCC_WARN_UNINITIALIZED_AUTOS = YES_AGGRESSIVE;
				GCC_WARN_UNUSED_FUNCTION = YES;
				GCC_WARN_UNUSED_VARIABLE = YES;
				IPHONEOS_DEPLOYMENT_TARGET = 12.2;
				MTL_ENABLE_DEBUG_INFO = NO;
				MTL_FAST_MATH = YES;
				SDKROOT = iphoneos;
				VALIDATE_PRODUCT = YES;
			};
			name = Release;
		};
		39EA0B832249895F007E5DAF /* Debug */ = {
			isa = XCBuildConfiguration;
			buildSettings = {
				ASSETCATALOG_COMPILER_APPICON_NAME = AppIcon;
				CODE_SIGN_STYLE = Automatic;
				DEVELOPMENT_TEAM = 5ZRKC88876;
				INFOPLIST_FILE = "Planets Obj-C/Info.plist";
				LD_RUNPATH_SEARCH_PATHS = (
					"$(inherited)",
					"@executable_path/Frameworks",
				);
				PRODUCT_BUNDLE_IDENTIFIER = "com.mosesrobinson.Planets-Obj-C";
				PRODUCT_NAME = "$(TARGET_NAME)";
				TARGETED_DEVICE_FAMILY = "1,2";
			};
			name = Debug;
		};
		39EA0B842249895F007E5DAF /* Release */ = {
			isa = XCBuildConfiguration;
			buildSettings = {
				ASSETCATALOG_COMPILER_APPICON_NAME = AppIcon;
				CODE_SIGN_STYLE = Automatic;
				DEVELOPMENT_TEAM = 5ZRKC88876;
				INFOPLIST_FILE = "Planets Obj-C/Info.plist";
				LD_RUNPATH_SEARCH_PATHS = (
					"$(inherited)",
					"@executable_path/Frameworks",
				);
				PRODUCT_BUNDLE_IDENTIFIER = "com.mosesrobinson.Planets-Obj-C";
				PRODUCT_NAME = "$(TARGET_NAME)";
				TARGETED_DEVICE_FAMILY = "1,2";
			};
			name = Release;
		};
/* End XCBuildConfiguration section */

/* Begin XCConfigurationList section */
		39EA0B672249895E007E5DAF /* Build configuration list for PBXProject "Planets Obj-C" */ = {
			isa = XCConfigurationList;
			buildConfigurations = (
				39EA0B802249895F007E5DAF /* Debug */,
				39EA0B812249895F007E5DAF /* Release */,
			);
			defaultConfigurationIsVisible = 0;
			defaultConfigurationName = Release;
		};
		39EA0B822249895F007E5DAF /* Build configuration list for PBXNativeTarget "Planets Obj-C" */ = {
			isa = XCConfigurationList;
			buildConfigurations = (
				39EA0B832249895F007E5DAF /* Debug */,
				39EA0B842249895F007E5DAF /* Release */,
			);
			defaultConfigurationIsVisible = 0;
			defaultConfigurationName = Release;
		};
/* End XCConfigurationList section */
	};
	rootObject = 39EA0B642249895E007E5DAF /* Project object */;
}
