// !$*UTF8*$!
{
	archiveVersion = 1;
	classes = {
	};
	objectVersion = 50;
	objects = {

/* Begin PBXBuildFile section */
		37D26BE123E2099500D49067 /* AppDelegate.m in Sources */ = {isa = PBXBuildFile; fileRef = 37D26BE023E2099500D49067 /* AppDelegate.m */; };
		37D26BE423E2099500D49067 /* SceneDelegate.m in Sources */ = {isa = PBXBuildFile; fileRef = 37D26BE323E2099500D49067 /* SceneDelegate.m */; };
		37D26BE723E2099500D49067 /* ViewController.m in Sources */ = {isa = PBXBuildFile; fileRef = 37D26BE623E2099500D49067 /* ViewController.m */; };
		37D26BEA23E2099500D49067 /* Main.storyboard in Resources */ = {isa = PBXBuildFile; fileRef = 37D26BE823E2099500D49067 /* Main.storyboard */; };
		37D26BEC23E2099700D49067 /* Assets.xcassets in Resources */ = {isa = PBXBuildFile; fileRef = 37D26BEB23E2099700D49067 /* Assets.xcassets */; };
		37D26BEF23E2099700D49067 /* LaunchScreen.storyboard in Resources */ = {isa = PBXBuildFile; fileRef = 37D26BED23E2099700D49067 /* LaunchScreen.storyboard */; };
		37D26BF223E2099700D49067 /* main.m in Sources */ = {isa = PBXBuildFile; fileRef = 37D26BF123E2099700D49067 /* main.m */; };
/* End PBXBuildFile section */

/* Begin PBXFileReference section */
		37D26BDC23E2099500D49067 /* PlanetsObjC.app */ = {isa = PBXFileReference; explicitFileType = wrapper.application; includeInIndex = 0; path = PlanetsObjC.app; sourceTree = BUILT_PRODUCTS_DIR; };
		37D26BDF23E2099500D49067 /* AppDelegate.h */ = {isa = PBXFileReference; lastKnownFileType = sourcecode.c.h; path = AppDelegate.h; sourceTree = "<group>"; };
		37D26BE023E2099500D49067 /* AppDelegate.m */ = {isa = PBXFileReference; lastKnownFileType = sourcecode.c.objc; path = AppDelegate.m; sourceTree = "<group>"; };
		37D26BE223E2099500D49067 /* SceneDelegate.h */ = {isa = PBXFileReference; lastKnownFileType = sourcecode.c.h; path = SceneDelegate.h; sourceTree = "<group>"; };
		37D26BE323E2099500D49067 /* SceneDelegate.m */ = {isa = PBXFileReference; lastKnownFileType = sourcecode.c.objc; path = SceneDelegate.m; sourceTree = "<group>"; };
		37D26BE523E2099500D49067 /* ViewController.h */ = {isa = PBXFileReference; lastKnownFileType = sourcecode.c.h; path = ViewController.h; sourceTree = "<group>"; };
		37D26BE623E2099500D49067 /* ViewController.m */ = {isa = PBXFileReference; lastKnownFileType = sourcecode.c.objc; path = ViewController.m; sourceTree = "<group>"; };
		37D26BE923E2099500D49067 /* Base */ = {isa = PBXFileReference; lastKnownFileType = file.storyboard; name = Base; path = Base.lproj/Main.storyboard; sourceTree = "<group>"; };
		37D26BEB23E2099700D49067 /* Assets.xcassets */ = {isa = PBXFileReference; lastKnownFileType = folder.assetcatalog; path = Assets.xcassets; sourceTree = "<group>"; };
		37D26BEE23E2099700D49067 /* Base */ = {isa = PBXFileReference; lastKnownFileType = file.storyboard; name = Base; path = Base.lproj/LaunchScreen.storyboard; sourceTree = "<group>"; };
		37D26BF023E2099700D49067 /* Info.plist */ = {isa = PBXFileReference; lastKnownFileType = text.plist.xml; path = Info.plist; sourceTree = "<group>"; };
		37D26BF123E2099700D49067 /* main.m */ = {isa = PBXFileReference; lastKnownFileType = sourcecode.c.objc; path = main.m; sourceTree = "<group>"; };
/* End PBXFileReference section */

/* Begin PBXFrameworksBuildPhase section */
		37D26BD923E2099500D49067 /* Frameworks */ = {
			isa = PBXFrameworksBuildPhase;
			buildActionMask = 2147483647;
			files = (
			);
			runOnlyForDeploymentPostprocessing = 0;
		};
/* End PBXFrameworksBuildPhase section */

/* Begin PBXGroup section */
		37D26BD323E2099500D49067 = {
			isa = PBXGroup;
			children = (
				37D26BDE23E2099500D49067 /* PlanetsObjC */,
				37D26BDD23E2099500D49067 /* Products */,
			);
			sourceTree = "<group>";
		};
		37D26BDD23E2099500D49067 /* Products */ = {
			isa = PBXGroup;
			children = (
				37D26BDC23E2099500D49067 /* PlanetsObjC.app */,
			);
			name = Products;
			sourceTree = "<group>";
		};
		37D26BDE23E2099500D49067 /* PlanetsObjC */ = {
			isa = PBXGroup;
			children = (
				37D26BDF23E2099500D49067 /* AppDelegate.h */,
				37D26BE023E2099500D49067 /* AppDelegate.m */,
				37D26BE223E2099500D49067 /* SceneDelegate.h */,
				37D26BE323E2099500D49067 /* SceneDelegate.m */,
				37D26BE523E2099500D49067 /* ViewController.h */,
				37D26BE623E2099500D49067 /* ViewController.m */,
				37D26BE823E2099500D49067 /* Main.storyboard */,
				37D26BEB23E2099700D49067 /* Assets.xcassets */,
				37D26BED23E2099700D49067 /* LaunchScreen.storyboard */,
				37D26BF023E2099700D49067 /* Info.plist */,
				37D26BF123E2099700D49067 /* main.m */,
			);
			path = PlanetsObjC;
			sourceTree = "<group>";
		};
/* End PBXGroup section */

/* Begin PBXNativeTarget section */
		37D26BDB23E2099500D49067 /* PlanetsObjC */ = {
			isa = PBXNativeTarget;
			buildConfigurationList = 37D26BF523E2099700D49067 /* Build configuration list for PBXNativeTarget "PlanetsObjC" */;
			buildPhases = (
				37D26BD823E2099500D49067 /* Sources */,
				37D26BD923E2099500D49067 /* Frameworks */,
				37D26BDA23E2099500D49067 /* Resources */,
			);
			buildRules = (
			);
			dependencies = (
			);
			name = PlanetsObjC;
			productName = PlanetsObjC;
			productReference = 37D26BDC23E2099500D49067 /* PlanetsObjC.app */;
			productType = "com.apple.product-type.application";
		};
/* End PBXNativeTarget section */

/* Begin PBXProject section */
		37D26BD423E2099500D49067 /* Project object */ = {
			isa = PBXProject;
			attributes = {
				LastUpgradeCheck = 1130;
				ORGANIZATIONNAME = "Bobby Keffury";
				TargetAttributes = {
					37D26BDB23E2099500D49067 = {
						CreatedOnToolsVersion = 11.3.1;
					};
				};
			};
			buildConfigurationList = 37D26BD723E2099500D49067 /* Build configuration list for PBXProject "PlanetsObjC" */;
			compatibilityVersion = "Xcode 9.3";
			developmentRegion = en;
			hasScannedForEncodings = 0;
			knownRegions = (
				en,
				Base,
			);
			mainGroup = 37D26BD323E2099500D49067;
			productRefGroup = 37D26BDD23E2099500D49067 /* Products */;
			projectDirPath = "";
			projectRoot = "";
			targets = (
				37D26BDB23E2099500D49067 /* PlanetsObjC */,
			);
		};
/* End PBXProject section */

/* Begin PBXResourcesBuildPhase section */
		37D26BDA23E2099500D49067 /* Resources */ = {
			isa = PBXResourcesBuildPhase;
			buildActionMask = 2147483647;
			files = (
				37D26BEF23E2099700D49067 /* LaunchScreen.storyboard in Resources */,
				37D26BEC23E2099700D49067 /* Assets.xcassets in Resources */,
				37D26BEA23E2099500D49067 /* Main.storyboard in Resources */,
			);
			runOnlyForDeploymentPostprocessing = 0;
		};
/* End PBXResourcesBuildPhase section */

/* Begin PBXSourcesBuildPhase section */
		37D26BD823E2099500D49067 /* Sources */ = {
			isa = PBXSourcesBuildPhase;
			buildActionMask = 2147483647;
			files = (
				37D26BE723E2099500D49067 /* ViewController.m in Sources */,
				37D26BE123E2099500D49067 /* AppDelegate.m in Sources */,
				37D26BF223E2099700D49067 /* main.m in Sources */,
				37D26BE423E2099500D49067 /* SceneDelegate.m in Sources */,
			);
			runOnlyForDeploymentPostprocessing = 0;
		};
/* End PBXSourcesBuildPhase section */

/* Begin PBXVariantGroup section */
		37D26BE823E2099500D49067 /* Main.storyboard */ = {
			isa = PBXVariantGroup;
			children = (
				37D26BE923E2099500D49067 /* Base */,
			);
			name = Main.storyboard;
			sourceTree = "<group>";
		};
		37D26BED23E2099700D49067 /* LaunchScreen.storyboard */ = {
			isa = PBXVariantGroup;
			children = (
				37D26BEE23E2099700D49067 /* Base */,
			);
			name = LaunchScreen.storyboard;
			sourceTree = "<group>";
		};
/* End PBXVariantGroup section */

/* Begin XCBuildConfiguration section */
		37D26BF323E2099700D49067 /* Debug */ = {
			isa = XCBuildConfiguration;
			buildSettings = {
				ALWAYS_SEARCH_USER_PATHS = NO;
				CLANG_ANALYZER_NONNULL = YES;
				CLANG_ANALYZER_NUMBER_OBJECT_CONVERSION = YES_AGGRESSIVE;
				CLANG_CXX_LANGUAGE_STANDARD = "gnu++14";
				CLANG_CXX_LIBRARY = "libc++";
				CLANG_ENABLE_MODULES = YES;
				CLANG_ENABLE_OBJC_ARC = YES;
				CLANG_ENABLE_OBJC_WEAK = YES;
				CLANG_WARN_BLOCK_CAPTURE_AUTORELEASING = YES;
				CLANG_WARN_BOOL_CONVERSION = YES;
				CLANG_WARN_COMMA = YES;
				CLANG_WARN_CONSTANT_CONVERSION = YES;
				CLANG_WARN_DEPRECATED_OBJC_IMPLEMENTATIONS = YES;
				CLANG_WARN_DIRECT_OBJC_ISA_USAGE = YES_ERROR;
				CLANG_WARN_DOCUMENTATION_COMMENTS = YES;
				CLANG_WARN_EMPTY_BODY = YES;
				CLANG_WARN_ENUM_CONVERSION = YES;
				CLANG_WARN_INFINITE_RECURSION = YES;
				CLANG_WARN_INT_CONVERSION = YES;
				CLANG_WARN_NON_LITERAL_NULL_CONVERSION = YES;
				CLANG_WARN_OBJC_IMPLICIT_RETAIN_SELF = YES;
				CLANG_WARN_OBJC_LITERAL_CONVERSION = YES;
				CLANG_WARN_OBJC_ROOT_CLASS = YES_ERROR;
				CLANG_WARN_RANGE_LOOP_ANALYSIS = YES;
				CLANG_WARN_STRICT_PROTOTYPES = YES;
				CLANG_WARN_SUSPICIOUS_MOVE = YES;
				CLANG_WARN_UNGUARDED_AVAILABILITY = YES_AGGRESSIVE;
				CLANG_WARN_UNREACHABLE_CODE = YES;
				CLANG_WARN__DUPLICATE_METHOD_MATCH = YES;
				COPY_PHASE_STRIP = NO;
				DEBUG_INFORMATION_FORMAT = dwarf;
				ENABLE_STRICT_OBJC_MSGSEND = YES;
				ENABLE_TESTABILITY = YES;
				GCC_C_LANGUAGE_STANDARD = gnu11;
				GCC_DYNAMIC_NO_PIC = NO;
				GCC_NO_COMMON_BLOCKS = YES;
				GCC_OPTIMIZATION_LEVEL = 0;
				GCC_PREPROCESSOR_DEFINITIONS = (
					"DEBUG=1",
					"$(inherited)",
				);
				GCC_WARN_64_TO_32_BIT_CONVERSION = YES;
				GCC_WARN_ABOUT_RETURN_TYPE = YES_ERROR;
				GCC_WARN_UNDECLARED_SELECTOR = YES;
				GCC_WARN_UNINITIALIZED_AUTOS = YES_AGGRESSIVE;
				GCC_WARN_UNUSED_FUNCTION = YES;
				GCC_WARN_UNUSED_VARIABLE = YES;
				IPHONEOS_DEPLOYMENT_TARGET = 13.2;
				MTL_ENABLE_DEBUG_INFO = INCLUDE_SOURCE;
				MTL_FAST_MATH = YES;
				ONLY_ACTIVE_ARCH = YES;
				SDKROOT = iphoneos;
			};
			name = Debug;
		};
		37D26BF423E2099700D49067 /* Release */ = {
			isa = XCBuildConfiguration;
			buildSettings = {
				ALWAYS_SEARCH_USER_PATHS = NO;
				CLANG_ANALYZER_NONNULL = YES;
				CLANG_ANALYZER_NUMBER_OBJECT_CONVERSION = YES_AGGRESSIVE;
				CLANG_CXX_LANGUAGE_STANDARD = "gnu++14";
				CLANG_CXX_LIBRARY = "libc++";
				CLANG_ENABLE_MODULES = YES;
				CLANG_ENABLE_OBJC_ARC = YES;
				CLANG_ENABLE_OBJC_WEAK = YES;
				CLANG_WARN_BLOCK_CAPTURE_AUTORELEASING = YES;
				CLANG_WARN_BOOL_CONVERSION = YES;
				CLANG_WARN_COMMA = YES;
				CLANG_WARN_CONSTANT_CONVERSION = YES;
				CLANG_WARN_DEPRECATED_OBJC_IMPLEMENTATIONS = YES;
				CLANG_WARN_DIRECT_OBJC_ISA_USAGE = YES_ERROR;
				CLANG_WARN_DOCUMENTATION_COMMENTS = YES;
				CLANG_WARN_EMPTY_BODY = YES;
				CLANG_WARN_ENUM_CONVERSION = YES;
				CLANG_WARN_INFINITE_RECURSION = YES;
				CLANG_WARN_INT_CONVERSION = YES;
				CLANG_WARN_NON_LITERAL_NULL_CONVERSION = YES;
				CLANG_WARN_OBJC_IMPLICIT_RETAIN_SELF = YES;
				CLANG_WARN_OBJC_LITERAL_CONVERSION = YES;
				CLANG_WARN_OBJC_ROOT_CLASS = YES_ERROR;
				CLANG_WARN_RANGE_LOOP_ANALYSIS = YES;
				CLANG_WARN_STRICT_PROTOTYPES = YES;
				CLANG_WARN_SUSPICIOUS_MOVE = YES;
				CLANG_WARN_UNGUARDED_AVAILABILITY = YES_AGGRESSIVE;
				CLANG_WARN_UNREACHABLE_CODE = YES;
				CLANG_WARN__DUPLICATE_METHOD_MATCH = YES;
				COPY_PHASE_STRIP = NO;
				DEBUG_INFORMATION_FORMAT = "dwarf-with-dsym";
				ENABLE_NS_ASSERTIONS = NO;
				ENABLE_STRICT_OBJC_MSGSEND = YES;
				GCC_C_LANGUAGE_STANDARD = gnu11;
				GCC_NO_COMMON_BLOCKS = YES;
				GCC_WARN_64_TO_32_BIT_CONVERSION = YES;
				GCC_WARN_ABOUT_RETURN_TYPE = YES_ERROR;
				GCC_WARN_UNDECLARED_SELECTOR = YES;
				GCC_WARN_UNINITIALIZED_AUTOS = YES_AGGRESSIVE;
				GCC_WARN_UNUSED_FUNCTION = YES;
				GCC_WARN_UNUSED_VARIABLE = YES;
				IPHONEOS_DEPLOYMENT_TARGET = 13.2;
				MTL_ENABLE_DEBUG_INFO = NO;
				MTL_FAST_MATH = YES;
				SDKROOT = iphoneos;
				VALIDATE_PRODUCT = YES;
			};
			name = Release;
		};
		37D26BF623E2099700D49067 /* Debug */ = {
			isa = XCBuildConfiguration;
			buildSettings = {
				ASSETCATALOG_COMPILER_APPICON_NAME = AppIcon;
				CODE_SIGN_STYLE = Automatic;
				DEVELOPMENT_TEAM = VXUQXR6S56;
				INFOPLIST_FILE = PlanetsObjC/Info.plist;
				LD_RUNPATH_SEARCH_PATHS = (
					"$(inherited)",
					"@executable_path/Frameworks",
				);
				PRODUCT_BUNDLE_IDENTIFIER = com.BobbyKeffury.PlanetsObjC;
				PRODUCT_NAME = "$(TARGET_NAME)";
				TARGETED_DEVICE_FAMILY = "1,2";
			};
			name = Debug;
		};
		37D26BF723E2099700D49067 /* Release */ = {
			isa = XCBuildConfiguration;
			buildSettings = {
				ASSETCATALOG_COMPILER_APPICON_NAME = AppIcon;
				CODE_SIGN_STYLE = Automatic;
				DEVELOPMENT_TEAM = VXUQXR6S56;
				INFOPLIST_FILE = PlanetsObjC/Info.plist;
				LD_RUNPATH_SEARCH_PATHS = (
					"$(inherited)",
					"@executable_path/Frameworks",
				);
				PRODUCT_BUNDLE_IDENTIFIER = com.BobbyKeffury.PlanetsObjC;
				PRODUCT_NAME = "$(TARGET_NAME)";
				TARGETED_DEVICE_FAMILY = "1,2";
			};
			name = Release;
		};
/* End XCBuildConfiguration section */

/* Begin XCConfigurationList section */
		37D26BD723E2099500D49067 /* Build configuration list for PBXProject "PlanetsObjC" */ = {
			isa = XCConfigurationList;
			buildConfigurations = (
				37D26BF323E2099700D49067 /* Debug */,
				37D26BF423E2099700D49067 /* Release */,
			);
			defaultConfigurationIsVisible = 0;
			defaultConfigurationName = Release;
		};
		37D26BF523E2099700D49067 /* Build configuration list for PBXNativeTarget "PlanetsObjC" */ = {
			isa = XCConfigurationList;
			buildConfigurations = (
				37D26BF623E2099700D49067 /* Debug */,
				37D26BF723E2099700D49067 /* Release */,
			);
			defaultConfigurationIsVisible = 0;
			defaultConfigurationName = Release;
		};
/* End XCConfigurationList section */
	};
	rootObject = 37D26BD423E2099500D49067 /* Project object */;
}
