// !$*UTF8*$!
{
	archiveVersion = 1;
	classes = {
	};
	objectVersion = 50;
	objects = {

/* Begin PBXBuildFile section */
		4F08E51F2252AF8A007BA817 /* JCSPlanet.m in Sources */ = {isa = PBXBuildFile; fileRef = 4F08E51E2252AF8A007BA817 /* JCSPlanet.m */; };
		4F08E5242252AFD4007BA817 /* JCSPlanetController.m in Sources */ = {isa = PBXBuildFile; fileRef = 4F08E5232252AFD4007BA817 /* JCSPlanetController.m */; };
		4F08E5262252CA8A007BA817 /* Assets.xcassets in Resources */ = {isa = PBXBuildFile; fileRef = 4F08E5252252CA8A007BA817 /* Assets.xcassets */; };
		4F8212FA22529DAF00F42DA3 /* AppDelegate.m in Sources */ = {isa = PBXBuildFile; fileRef = 4F8212F922529DAF00F42DA3 /* AppDelegate.m */; };
		4F8212FD22529DAF00F42DA3 /* ViewController.m in Sources */ = {isa = PBXBuildFile; fileRef = 4F8212FC22529DAF00F42DA3 /* ViewController.m */; };
		4F82130022529DAF00F42DA3 /* Main.storyboard in Resources */ = {isa = PBXBuildFile; fileRef = 4F8212FE22529DAF00F42DA3 /* Main.storyboard */; };
		4F82130522529DB100F42DA3 /* LaunchScreen.storyboard in Resources */ = {isa = PBXBuildFile; fileRef = 4F82130322529DB100F42DA3 /* LaunchScreen.storyboard */; };
		4F82130822529DB100F42DA3 /* main.m in Sources */ = {isa = PBXBuildFile; fileRef = 4F82130722529DB100F42DA3 /* main.m */; };
		4F8213102252A54F00F42DA3 /* JCSPlanetsCollectionViewController.m in Sources */ = {isa = PBXBuildFile; fileRef = 4F82130F2252A54F00F42DA3 /* JCSPlanetsCollectionViewController.m */; };
		4F8213142252A6CF00F42DA3 /* JCSPlanetsCollectionViewCell.m in Sources */ = {isa = PBXBuildFile; fileRef = 4F8213132252A6CF00F42DA3 /* JCSPlanetsCollectionViewCell.m */; };
		4F8213172252A91E00F42DA3 /* JCSSettingsViewController.m in Sources */ = {isa = PBXBuildFile; fileRef = 4F8213162252A91E00F42DA3 /* JCSSettingsViewController.m */; };
/* End PBXBuildFile section */

/* Begin PBXFileReference section */
		4F08E51D2252AF8A007BA817 /* JCSPlanet.h */ = {isa = PBXFileReference; lastKnownFileType = sourcecode.c.h; path = JCSPlanet.h; sourceTree = "<group>"; };
		4F08E51E2252AF8A007BA817 /* JCSPlanet.m */ = {isa = PBXFileReference; lastKnownFileType = sourcecode.c.objc; path = JCSPlanet.m; sourceTree = "<group>"; };
		4F08E5222252AFD4007BA817 /* JCSPlanetController.h */ = {isa = PBXFileReference; lastKnownFileType = sourcecode.c.h; path = JCSPlanetController.h; sourceTree = "<group>"; };
		4F08E5232252AFD4007BA817 /* JCSPlanetController.m */ = {isa = PBXFileReference; lastKnownFileType = sourcecode.c.objc; path = JCSPlanetController.m; sourceTree = "<group>"; };
		4F08E5252252CA8A007BA817 /* Assets.xcassets */ = {isa = PBXFileReference; lastKnownFileType = folder.assetcatalog; path = Assets.xcassets; sourceTree = "<group>"; };
		4F8212F522529DAF00F42DA3 /* PlanetsObjc.app */ = {isa = PBXFileReference; explicitFileType = wrapper.application; includeInIndex = 0; path = PlanetsObjc.app; sourceTree = BUILT_PRODUCTS_DIR; };
		4F8212F822529DAF00F42DA3 /* AppDelegate.h */ = {isa = PBXFileReference; lastKnownFileType = sourcecode.c.h; path = AppDelegate.h; sourceTree = "<group>"; };
		4F8212F922529DAF00F42DA3 /* AppDelegate.m */ = {isa = PBXFileReference; lastKnownFileType = sourcecode.c.objc; path = AppDelegate.m; sourceTree = "<group>"; };
		4F8212FB22529DAF00F42DA3 /* ViewController.h */ = {isa = PBXFileReference; lastKnownFileType = sourcecode.c.h; path = ViewController.h; sourceTree = "<group>"; };
		4F8212FC22529DAF00F42DA3 /* ViewController.m */ = {isa = PBXFileReference; lastKnownFileType = sourcecode.c.objc; path = ViewController.m; sourceTree = "<group>"; };
		4F8212FF22529DAF00F42DA3 /* Base */ = {isa = PBXFileReference; lastKnownFileType = file.storyboard; name = Base; path = Base.lproj/Main.storyboard; sourceTree = "<group>"; };
		4F82130422529DB100F42DA3 /* Base */ = {isa = PBXFileReference; lastKnownFileType = file.storyboard; name = Base; path = Base.lproj/LaunchScreen.storyboard; sourceTree = "<group>"; };
		4F82130622529DB100F42DA3 /* Info.plist */ = {isa = PBXFileReference; lastKnownFileType = text.plist.xml; path = Info.plist; sourceTree = "<group>"; };
		4F82130722529DB100F42DA3 /* main.m */ = {isa = PBXFileReference; lastKnownFileType = sourcecode.c.objc; path = main.m; sourceTree = "<group>"; };
		4F82130E2252A54F00F42DA3 /* JCSPlanetsCollectionViewController.h */ = {isa = PBXFileReference; lastKnownFileType = sourcecode.c.h; path = JCSPlanetsCollectionViewController.h; sourceTree = "<group>"; };
		4F82130F2252A54F00F42DA3 /* JCSPlanetsCollectionViewController.m */ = {isa = PBXFileReference; lastKnownFileType = sourcecode.c.objc; path = JCSPlanetsCollectionViewController.m; sourceTree = "<group>"; };
		4F8213122252A6CF00F42DA3 /* JCSPlanetsCollectionViewCell.h */ = {isa = PBXFileReference; lastKnownFileType = sourcecode.c.h; path = JCSPlanetsCollectionViewCell.h; sourceTree = "<group>"; };
		4F8213132252A6CF00F42DA3 /* JCSPlanetsCollectionViewCell.m */ = {isa = PBXFileReference; lastKnownFileType = sourcecode.c.objc; path = JCSPlanetsCollectionViewCell.m; sourceTree = "<group>"; };
		4F8213152252A91E00F42DA3 /* JCSSettingsViewController.h */ = {isa = PBXFileReference; lastKnownFileType = sourcecode.c.h; path = JCSSettingsViewController.h; sourceTree = "<group>"; };
		4F8213162252A91E00F42DA3 /* JCSSettingsViewController.m */ = {isa = PBXFileReference; lastKnownFileType = sourcecode.c.objc; path = JCSSettingsViewController.m; sourceTree = "<group>"; };
/* End PBXFileReference section */

/* Begin PBXFrameworksBuildPhase section */
		4F8212F222529DAF00F42DA3 /* Frameworks */ = {
			isa = PBXFrameworksBuildPhase;
			buildActionMask = 2147483647;
			files = (
			);
			runOnlyForDeploymentPostprocessing = 0;
		};
/* End PBXFrameworksBuildPhase section */

/* Begin PBXGroup section */
		4F08E5202252AF8F007BA817 /* Model */ = {
			isa = PBXGroup;
			children = (
				4F08E51D2252AF8A007BA817 /* JCSPlanet.h */,
				4F08E51E2252AF8A007BA817 /* JCSPlanet.m */,
			);
			path = Model;
			sourceTree = "<group>";
		};
		4F08E5212252AF95007BA817 /* Model Controller */ = {
			isa = PBXGroup;
			children = (
				4F08E5222252AFD4007BA817 /* JCSPlanetController.h */,
				4F08E5232252AFD4007BA817 /* JCSPlanetController.m */,
			);
			path = "Model Controller";
			sourceTree = "<group>";
		};
		4F8212EC22529DAF00F42DA3 = {
			isa = PBXGroup;
			children = (
				4F8212F722529DAF00F42DA3 /* PlanetsObjc */,
				4F8212F622529DAF00F42DA3 /* Products */,
			);
			sourceTree = "<group>";
		};
		4F8212F622529DAF00F42DA3 /* Products */ = {
			isa = PBXGroup;
			children = (
				4F8212F522529DAF00F42DA3 /* PlanetsObjc.app */,
			);
			name = Products;
			sourceTree = "<group>";
		};
		4F8212F722529DAF00F42DA3 /* PlanetsObjc */ = {
			isa = PBXGroup;
			children = (
				4F08E5212252AF95007BA817 /* Model Controller */,
				4F08E5202252AF8F007BA817 /* Model */,
				4F8213112252A55500F42DA3 /* View Controllers */,
				4F8212F822529DAF00F42DA3 /* AppDelegate.h */,
				4F8212F922529DAF00F42DA3 /* AppDelegate.m */,
				4F8212FB22529DAF00F42DA3 /* ViewController.h */,
				4F8212FC22529DAF00F42DA3 /* ViewController.m */,
				4F8212FE22529DAF00F42DA3 /* Main.storyboard */,
				4F8213122252A6CF00F42DA3 /* JCSPlanetsCollectionViewCell.h */,
				4F8213132252A6CF00F42DA3 /* JCSPlanetsCollectionViewCell.m */,
				4F82130322529DB100F42DA3 /* LaunchScreen.storyboard */,
				4F08E5252252CA8A007BA817 /* Assets.xcassets */,
				4F82130622529DB100F42DA3 /* Info.plist */,
				4F82130722529DB100F42DA3 /* main.m */,
			);
			path = PlanetsObjc;
			sourceTree = "<group>";
		};
		4F8213112252A55500F42DA3 /* View Controllers */ = {
			isa = PBXGroup;
			children = (
				4F8213152252A91E00F42DA3 /* JCSSettingsViewController.h */,
				4F8213162252A91E00F42DA3 /* JCSSettingsViewController.m */,
				4F82130E2252A54F00F42DA3 /* JCSPlanetsCollectionViewController.h */,
				4F82130F2252A54F00F42DA3 /* JCSPlanetsCollectionViewController.m */,
			);
			path = "View Controllers";
			sourceTree = "<group>";
		};
/* End PBXGroup section */

/* Begin PBXNativeTarget section */
		4F8212F422529DAF00F42DA3 /* PlanetsObjc */ = {
			isa = PBXNativeTarget;
			buildConfigurationList = 4F82130B22529DB100F42DA3 /* Build configuration list for PBXNativeTarget "PlanetsObjc" */;
			buildPhases = (
				4F8212F122529DAF00F42DA3 /* Sources */,
				4F8212F222529DAF00F42DA3 /* Frameworks */,
				4F8212F322529DAF00F42DA3 /* Resources */,
			);
			buildRules = (
			);
			dependencies = (
			);
			name = PlanetsObjc;
			productName = PlanetsObjc;
			productReference = 4F8212F522529DAF00F42DA3 /* PlanetsObjc.app */;
			productType = "com.apple.product-type.application";
		};
/* End PBXNativeTarget section */

/* Begin PBXProject section */
		4F8212ED22529DAF00F42DA3 /* Project object */ = {
			isa = PBXProject;
			attributes = {
				CLASSPREFIX = JCS;
				LastUpgradeCheck = 1020;
				ORGANIZATIONNAME = JS;
				TargetAttributes = {
					4F8212F422529DAF00F42DA3 = {
						CreatedOnToolsVersion = 10.2;
					};
				};
			};
			buildConfigurationList = 4F8212F022529DAF00F42DA3 /* Build configuration list for PBXProject "PlanetsObjc" */;
			compatibilityVersion = "Xcode 9.3";
			developmentRegion = en;
			hasScannedForEncodings = 0;
			knownRegions = (
				en,
				Base,
			);
			mainGroup = 4F8212EC22529DAF00F42DA3;
			productRefGroup = 4F8212F622529DAF00F42DA3 /* Products */;
			projectDirPath = "";
			projectRoot = "";
			targets = (
				4F8212F422529DAF00F42DA3 /* PlanetsObjc */,
			);
		};
/* End PBXProject section */

/* Begin PBXResourcesBuildPhase section */
		4F8212F322529DAF00F42DA3 /* Resources */ = {
			isa = PBXResourcesBuildPhase;
			buildActionMask = 2147483647;
			files = (
				4F82130522529DB100F42DA3 /* LaunchScreen.storyboard in Resources */,
				4F08E5262252CA8A007BA817 /* Assets.xcassets in Resources */,
				4F82130022529DAF00F42DA3 /* Main.storyboard in Resources */,
			);
			runOnlyForDeploymentPostprocessing = 0;
		};
/* End PBXResourcesBuildPhase section */

/* Begin PBXSourcesBuildPhase section */
		4F8212F122529DAF00F42DA3 /* Sources */ = {
			isa = PBXSourcesBuildPhase;
			buildActionMask = 2147483647;
			files = (
				4F08E5242252AFD4007BA817 /* JCSPlanetController.m in Sources */,
				4F08E51F2252AF8A007BA817 /* JCSPlanet.m in Sources */,
				4F8213172252A91E00F42DA3 /* JCSSettingsViewController.m in Sources */,
				4F8212FD22529DAF00F42DA3 /* ViewController.m in Sources */,
				4F8213102252A54F00F42DA3 /* JCSPlanetsCollectionViewController.m in Sources */,
				4F82130822529DB100F42DA3 /* main.m in Sources */,
				4F8213142252A6CF00F42DA3 /* JCSPlanetsCollectionViewCell.m in Sources */,
				4F8212FA22529DAF00F42DA3 /* AppDelegate.m in Sources */,
			);
			runOnlyForDeploymentPostprocessing = 0;
		};
/* End PBXSourcesBuildPhase section */

/* Begin PBXVariantGroup section */
		4F8212FE22529DAF00F42DA3 /* Main.storyboard */ = {
			isa = PBXVariantGroup;
			children = (
				4F8212FF22529DAF00F42DA3 /* Base */,
			);
			name = Main.storyboard;
			sourceTree = "<group>";
		};
		4F82130322529DB100F42DA3 /* LaunchScreen.storyboard */ = {
			isa = PBXVariantGroup;
			children = (
				4F82130422529DB100F42DA3 /* Base */,
			);
			name = LaunchScreen.storyboard;
			sourceTree = "<group>";
		};
/* End PBXVariantGroup section */

/* Begin XCBuildConfiguration section */
		4F82130922529DB100F42DA3 /* Debug */ = {
			isa = XCBuildConfiguration;
			buildSettings = {
				ALWAYS_SEARCH_USER_PATHS = NO;
				CLANG_ANALYZER_NONNULL = YES;
				CLANG_ANALYZER_NUMBER_OBJECT_CONVERSION = YES_AGGRESSIVE;
				CLANG_CXX_LANGUAGE_STANDARD = "gnu++14";
				CLANG_CXX_LIBRARY = "libc++";
				CLANG_ENABLE_MODULES = YES;
				CLANG_ENABLE_OBJC_ARC = YES;
				CLANG_ENABLE_OBJC_WEAK = YES;
				CLANG_WARN_BLOCK_CAPTURE_AUTORELEASING = YES;
				CLANG_WARN_BOOL_CONVERSION = YES;
				CLANG_WARN_COMMA = YES;
				CLANG_WARN_CONSTANT_CONVERSION = YES;
				CLANG_WARN_DEPRECATED_OBJC_IMPLEMENTATIONS = YES;
				CLANG_WARN_DIRECT_OBJC_ISA_USAGE = YES_ERROR;
				CLANG_WARN_DOCUMENTATION_COMMENTS = YES;
				CLANG_WARN_EMPTY_BODY = YES;
				CLANG_WARN_ENUM_CONVERSION = YES;
				CLANG_WARN_INFINITE_RECURSION = YES;
				CLANG_WARN_INT_CONVERSION = YES;
				CLANG_WARN_NON_LITERAL_NULL_CONVERSION = YES;
				CLANG_WARN_OBJC_IMPLICIT_RETAIN_SELF = YES;
				CLANG_WARN_OBJC_LITERAL_CONVERSION = YES;
				CLANG_WARN_OBJC_ROOT_CLASS = YES_ERROR;
				CLANG_WARN_RANGE_LOOP_ANALYSIS = YES;
				CLANG_WARN_STRICT_PROTOTYPES = YES;
				CLANG_WARN_SUSPICIOUS_MOVE = YES;
				CLANG_WARN_UNGUARDED_AVAILABILITY = YES_AGGRESSIVE;
				CLANG_WARN_UNREACHABLE_CODE = YES;
				CLANG_WARN__DUPLICATE_METHOD_MATCH = YES;
				CODE_SIGN_IDENTITY = "iPhone Developer";
				COPY_PHASE_STRIP = NO;
				DEBUG_INFORMATION_FORMAT = dwarf;
				ENABLE_STRICT_OBJC_MSGSEND = YES;
				ENABLE_TESTABILITY = YES;
				GCC_C_LANGUAGE_STANDARD = gnu11;
				GCC_DYNAMIC_NO_PIC = NO;
				GCC_NO_COMMON_BLOCKS = YES;
				GCC_OPTIMIZATION_LEVEL = 0;
				GCC_PREPROCESSOR_DEFINITIONS = (
					"DEBUG=1",
					"$(inherited)",
				);
				GCC_WARN_64_TO_32_BIT_CONVERSION = YES;
				GCC_WARN_ABOUT_RETURN_TYPE = YES_ERROR;
				GCC_WARN_UNDECLARED_SELECTOR = YES;
				GCC_WARN_UNINITIALIZED_AUTOS = YES_AGGRESSIVE;
				GCC_WARN_UNUSED_FUNCTION = YES;
				GCC_WARN_UNUSED_VARIABLE = YES;
				IPHONEOS_DEPLOYMENT_TARGET = 12.2;
				MTL_ENABLE_DEBUG_INFO = INCLUDE_SOURCE;
				MTL_FAST_MATH = YES;
				ONLY_ACTIVE_ARCH = YES;
				SDKROOT = iphoneos;
			};
			name = Debug;
		};
		4F82130A22529DB100F42DA3 /* Release */ = {
			isa = XCBuildConfiguration;
			buildSettings = {
				ALWAYS_SEARCH_USER_PATHS = NO;
				CLANG_ANALYZER_NONNULL = YES;
				CLANG_ANALYZER_NUMBER_OBJECT_CONVERSION = YES_AGGRESSIVE;
				CLANG_CXX_LANGUAGE_STANDARD = "gnu++14";
				CLANG_CXX_LIBRARY = "libc++";
				CLANG_ENABLE_MODULES = YES;
				CLANG_ENABLE_OBJC_ARC = YES;
				CLANG_ENABLE_OBJC_WEAK = YES;
				CLANG_WARN_BLOCK_CAPTURE_AUTORELEASING = YES;
				CLANG_WARN_BOOL_CONVERSION = YES;
				CLANG_WARN_COMMA = YES;
				CLANG_WARN_CONSTANT_CONVERSION = YES;
				CLANG_WARN_DEPRECATED_OBJC_IMPLEMENTATIONS = YES;
				CLANG_WARN_DIRECT_OBJC_ISA_USAGE = YES_ERROR;
				CLANG_WARN_DOCUMENTATION_COMMENTS = YES;
				CLANG_WARN_EMPTY_BODY = YES;
				CLANG_WARN_ENUM_CONVERSION = YES;
				CLANG_WARN_INFINITE_RECURSION = YES;
				CLANG_WARN_INT_CONVERSION = YES;
				CLANG_WARN_NON_LITERAL_NULL_CONVERSION = YES;
				CLANG_WARN_OBJC_IMPLICIT_RETAIN_SELF = YES;
				CLANG_WARN_OBJC_LITERAL_CONVERSION = YES;
				CLANG_WARN_OBJC_ROOT_CLASS = YES_ERROR;
				CLANG_WARN_RANGE_LOOP_ANALYSIS = YES;
				CLANG_WARN_STRICT_PROTOTYPES = YES;
				CLANG_WARN_SUSPICIOUS_MOVE = YES;
				CLANG_WARN_UNGUARDED_AVAILABILITY = YES_AGGRESSIVE;
				CLANG_WARN_UNREACHABLE_CODE = YES;
				CLANG_WARN__DUPLICATE_METHOD_MATCH = YES;
				CODE_SIGN_IDENTITY = "iPhone Developer";
				COPY_PHASE_STRIP = NO;
				DEBUG_INFORMATION_FORMAT = "dwarf-with-dsym";
				ENABLE_NS_ASSERTIONS = NO;
				ENABLE_STRICT_OBJC_MSGSEND = YES;
				GCC_C_LANGUAGE_STANDARD = gnu11;
				GCC_NO_COMMON_BLOCKS = YES;
				GCC_WARN_64_TO_32_BIT_CONVERSION = YES;
				GCC_WARN_ABOUT_RETURN_TYPE = YES_ERROR;
				GCC_WARN_UNDECLARED_SELECTOR = YES;
				GCC_WARN_UNINITIALIZED_AUTOS = YES_AGGRESSIVE;
				GCC_WARN_UNUSED_FUNCTION = YES;
				GCC_WARN_UNUSED_VARIABLE = YES;
				IPHONEOS_DEPLOYMENT_TARGET = 12.2;
				MTL_ENABLE_DEBUG_INFO = NO;
				MTL_FAST_MATH = YES;
				SDKROOT = iphoneos;
				VALIDATE_PRODUCT = YES;
			};
			name = Release;
		};
		4F82130C22529DB100F42DA3 /* Debug */ = {
			isa = XCBuildConfiguration;
			buildSettings = {
				ASSETCATALOG_COMPILER_APPICON_NAME = AppIcon;
				CODE_SIGN_STYLE = Automatic;
				DEVELOPMENT_TEAM = 7M33TUA2Z8;
				INFOPLIST_FILE = PlanetsObjc/Info.plist;
				LD_RUNPATH_SEARCH_PATHS = (
					"$(inherited)",
					"@executable_path/Frameworks",
				);
				PRODUCT_BUNDLE_IDENTIFIER = com.JS.PlanetsObjc;
				PRODUCT_NAME = "$(TARGET_NAME)";
				TARGETED_DEVICE_FAMILY = "1,2";
			};
			name = Debug;
		};
		4F82130D22529DB100F42DA3 /* Release */ = {
			isa = XCBuildConfiguration;
			buildSettings = {
				ASSETCATALOG_COMPILER_APPICON_NAME = AppIcon;
				CODE_SIGN_STYLE = Automatic;
				DEVELOPMENT_TEAM = 7M33TUA2Z8;
				INFOPLIST_FILE = PlanetsObjc/Info.plist;
				LD_RUNPATH_SEARCH_PATHS = (
					"$(inherited)",
					"@executable_path/Frameworks",
				);
				PRODUCT_BUNDLE_IDENTIFIER = com.JS.PlanetsObjc;
				PRODUCT_NAME = "$(TARGET_NAME)";
				TARGETED_DEVICE_FAMILY = "1,2";
			};
			name = Release;
		};
/* End XCBuildConfiguration section */

/* Begin XCConfigurationList section */
		4F8212F022529DAF00F42DA3 /* Build configuration list for PBXProject "PlanetsObjc" */ = {
			isa = XCConfigurationList;
			buildConfigurations = (
				4F82130922529DB100F42DA3 /* Debug */,
				4F82130A22529DB100F42DA3 /* Release */,
			);
			defaultConfigurationIsVisible = 0;
			defaultConfigurationName = Release;
		};
		4F82130B22529DB100F42DA3 /* Build configuration list for PBXNativeTarget "PlanetsObjc" */ = {
			isa = XCConfigurationList;
			buildConfigurations = (
				4F82130C22529DB100F42DA3 /* Debug */,
				4F82130D22529DB100F42DA3 /* Release */,
			);
			defaultConfigurationIsVisible = 0;
			defaultConfigurationName = Release;
		};
/* End XCConfigurationList section */
	};
	rootObject = 4F8212ED22529DAF00F42DA3 /* Project object */;
}
