// !$*UTF8*$!
{
	archiveVersion = 1;
	classes = {
	};
	objectVersion = 50;
	objects = {

/* Begin PBXBuildFile section */
		135524712162A7FE0022B493 /* AppDelegate.m in Sources */ = {isa = PBXBuildFile; fileRef = 135524702162A7FE0022B493 /* AppDelegate.m */; };
		135524772162A7FE0022B493 /* Main.storyboard in Resources */ = {isa = PBXBuildFile; fileRef = 135524752162A7FE0022B493 /* Main.storyboard */; };
		135524792162A7FF0022B493 /* Assets.xcassets in Resources */ = {isa = PBXBuildFile; fileRef = 135524782162A7FF0022B493 /* Assets.xcassets */; };
		1355247C2162A7FF0022B493 /* LaunchScreen.storyboard in Resources */ = {isa = PBXBuildFile; fileRef = 1355247A2162A7FF0022B493 /* LaunchScreen.storyboard */; };
		1355247F2162A7FF0022B493 /* main.m in Sources */ = {isa = PBXBuildFile; fileRef = 1355247E2162A7FF0022B493 /* main.m */; };
		135524872162B2CE0022B493 /* PlanetsCollectionViewController.m in Sources */ = {isa = PBXBuildFile; fileRef = 135524862162B2CE0022B493 /* PlanetsCollectionViewController.m */; };
		1355248D2162B7290022B493 /* PlanetCollectionViewCell.m in Sources */ = {isa = PBXBuildFile; fileRef = 1355248C2162B7290022B493 /* PlanetCollectionViewCell.m */; };
		135524902162B80E0022B493 /* SettingsViewController.m in Sources */ = {isa = PBXBuildFile; fileRef = 1355248F2162B80E0022B493 /* SettingsViewController.m */; };
		135524942162B9730022B493 /* CGAPlanet.m in Sources */ = {isa = PBXBuildFile; fileRef = 135524932162B9730022B493 /* CGAPlanet.m */; };
		135524982162BA840022B493 /* CGAPlanetController.m in Sources */ = {isa = PBXBuildFile; fileRef = 135524972162BA840022B493 /* CGAPlanetController.m */; };
/* End PBXBuildFile section */

/* Begin PBXFileReference section */
		1355246C2162A7FE0022B493 /* ios-planets-objc.app */ = {isa = PBXFileReference; explicitFileType = wrapper.application; includeInIndex = 0; path = "ios-planets-objc.app"; sourceTree = BUILT_PRODUCTS_DIR; };
		1355246F2162A7FE0022B493 /* AppDelegate.h */ = {isa = PBXFileReference; lastKnownFileType = sourcecode.c.h; path = AppDelegate.h; sourceTree = "<group>"; };
		135524702162A7FE0022B493 /* AppDelegate.m */ = {isa = PBXFileReference; lastKnownFileType = sourcecode.c.objc; path = AppDelegate.m; sourceTree = "<group>"; };
		135524762162A7FE0022B493 /* Base */ = {isa = PBXFileReference; lastKnownFileType = file.storyboard; name = Base; path = Base.lproj/Main.storyboard; sourceTree = "<group>"; };
		135524782162A7FF0022B493 /* Assets.xcassets */ = {isa = PBXFileReference; lastKnownFileType = folder.assetcatalog; path = Assets.xcassets; sourceTree = "<group>"; };
		1355247B2162A7FF0022B493 /* Base */ = {isa = PBXFileReference; lastKnownFileType = file.storyboard; name = Base; path = Base.lproj/LaunchScreen.storyboard; sourceTree = "<group>"; };
		1355247D2162A7FF0022B493 /* Info.plist */ = {isa = PBXFileReference; lastKnownFileType = text.plist.xml; path = Info.plist; sourceTree = "<group>"; };
		1355247E2162A7FF0022B493 /* main.m */ = {isa = PBXFileReference; lastKnownFileType = sourcecode.c.objc; path = main.m; sourceTree = "<group>"; };
		135524852162B2CE0022B493 /* PlanetsCollectionViewController.h */ = {isa = PBXFileReference; lastKnownFileType = sourcecode.c.h; path = PlanetsCollectionViewController.h; sourceTree = "<group>"; };
		135524862162B2CE0022B493 /* PlanetsCollectionViewController.m */ = {isa = PBXFileReference; lastKnownFileType = sourcecode.c.objc; path = PlanetsCollectionViewController.m; sourceTree = "<group>"; };
		1355248B2162B7290022B493 /* PlanetCollectionViewCell.h */ = {isa = PBXFileReference; lastKnownFileType = sourcecode.c.h; path = PlanetCollectionViewCell.h; sourceTree = "<group>"; };
		1355248C2162B7290022B493 /* PlanetCollectionViewCell.m */ = {isa = PBXFileReference; lastKnownFileType = sourcecode.c.objc; path = PlanetCollectionViewCell.m; sourceTree = "<group>"; };
		1355248E2162B80E0022B493 /* SettingsViewController.h */ = {isa = PBXFileReference; lastKnownFileType = sourcecode.c.h; path = SettingsViewController.h; sourceTree = "<group>"; };
		1355248F2162B80E0022B493 /* SettingsViewController.m */ = {isa = PBXFileReference; lastKnownFileType = sourcecode.c.objc; path = SettingsViewController.m; sourceTree = "<group>"; };
		135524922162B9730022B493 /* CGAPlanet.h */ = {isa = PBXFileReference; lastKnownFileType = sourcecode.c.h; path = CGAPlanet.h; sourceTree = "<group>"; };
		135524932162B9730022B493 /* CGAPlanet.m */ = {isa = PBXFileReference; lastKnownFileType = sourcecode.c.objc; path = CGAPlanet.m; sourceTree = "<group>"; };
		135524962162BA840022B493 /* CGAPlanetController.h */ = {isa = PBXFileReference; lastKnownFileType = sourcecode.c.h; path = CGAPlanetController.h; sourceTree = "<group>"; };
		135524972162BA840022B493 /* CGAPlanetController.m */ = {isa = PBXFileReference; lastKnownFileType = sourcecode.c.objc; path = CGAPlanetController.m; sourceTree = "<group>"; };
/* End PBXFileReference section */

/* Begin PBXFrameworksBuildPhase section */
		135524692162A7FE0022B493 /* Frameworks */ = {
			isa = PBXFrameworksBuildPhase;
			buildActionMask = 2147483647;
			files = (
			);
			runOnlyForDeploymentPostprocessing = 0;
		};
/* End PBXFrameworksBuildPhase section */

/* Begin PBXGroup section */
		135524632162A7FE0022B493 = {
			isa = PBXGroup;
			children = (
				1355246E2162A7FE0022B493 /* ios-planets-objc */,
				1355246D2162A7FE0022B493 /* Products */,
			);
			sourceTree = "<group>";
		};
		1355246D2162A7FE0022B493 /* Products */ = {
			isa = PBXGroup;
			children = (
				1355246C2162A7FE0022B493 /* ios-planets-objc.app */,
			);
			name = Products;
			sourceTree = "<group>";
		};
		1355246E2162A7FE0022B493 /* ios-planets-objc */ = {
			isa = PBXGroup;
			children = (
				1355246F2162A7FE0022B493 /* AppDelegate.h */,
				135524702162A7FE0022B493 /* AppDelegate.m */,
				135524882162B66F0022B493 /* View Controllers */,
				1355248A2162B70B0022B493 /* Views */,
				135524952162BA650022B493 /* Model Controllers */,
				135524912162B94D0022B493 /* Models */,
				135524892162B6870022B493 /* Resources */,
			);
			path = "ios-planets-objc";
			sourceTree = "<group>";
		};
		135524882162B66F0022B493 /* View Controllers */ = {
			isa = PBXGroup;
			children = (
				135524852162B2CE0022B493 /* PlanetsCollectionViewController.h */,
				135524862162B2CE0022B493 /* PlanetsCollectionViewController.m */,
				1355248E2162B80E0022B493 /* SettingsViewController.h */,
				1355248F2162B80E0022B493 /* SettingsViewController.m */,
			);
			path = "View Controllers";
			sourceTree = "<group>";
		};
		135524892162B6870022B493 /* Resources */ = {
			isa = PBXGroup;
			children = (
				135524752162A7FE0022B493 /* Main.storyboard */,
				135524782162A7FF0022B493 /* Assets.xcassets */,
				1355247A2162A7FF0022B493 /* LaunchScreen.storyboard */,
				1355247D2162A7FF0022B493 /* Info.plist */,
				1355247E2162A7FF0022B493 /* main.m */,
			);
			path = Resources;
			sourceTree = "<group>";
		};
		1355248A2162B70B0022B493 /* Views */ = {
			isa = PBXGroup;
			children = (
				1355248B2162B7290022B493 /* PlanetCollectionViewCell.h */,
				1355248C2162B7290022B493 /* PlanetCollectionViewCell.m */,
			);
			path = Views;
			sourceTree = "<group>";
		};
		135524912162B94D0022B493 /* Models */ = {
			isa = PBXGroup;
			children = (
				135524922162B9730022B493 /* CGAPlanet.h */,
				135524932162B9730022B493 /* CGAPlanet.m */,
			);
			path = Models;
			sourceTree = "<group>";
		};
		135524952162BA650022B493 /* Model Controllers */ = {
			isa = PBXGroup;
			children = (
				135524962162BA840022B493 /* CGAPlanetController.h */,
				135524972162BA840022B493 /* CGAPlanetController.m */,
			);
			path = "Model Controllers";
			sourceTree = "<group>";
		};
/* End PBXGroup section */

/* Begin PBXNativeTarget section */
		1355246B2162A7FE0022B493 /* ios-planets-objc */ = {
			isa = PBXNativeTarget;
			buildConfigurationList = 135524822162A7FF0022B493 /* Build configuration list for PBXNativeTarget "ios-planets-objc" */;
			buildPhases = (
				135524682162A7FE0022B493 /* Sources */,
				135524692162A7FE0022B493 /* Frameworks */,
				1355246A2162A7FE0022B493 /* Resources */,
			);
			buildRules = (
			);
			dependencies = (
			);
			name = "ios-planets-objc";
			productName = "ios-planets-objc";
			productReference = 1355246C2162A7FE0022B493 /* ios-planets-objc.app */;
			productType = "com.apple.product-type.application";
		};
/* End PBXNativeTarget section */

/* Begin PBXProject section */
		135524642162A7FE0022B493 /* Project object */ = {
			isa = PBXProject;
			attributes = {
				LastUpgradeCheck = 1000;
				ORGANIZATIONNAME = Conner;
				TargetAttributes = {
					1355246B2162A7FE0022B493 = {
						CreatedOnToolsVersion = 10.0;
					};
				};
			};
			buildConfigurationList = 135524672162A7FE0022B493 /* Build configuration list for PBXProject "ios-planets-objc" */;
			compatibilityVersion = "Xcode 9.3";
			developmentRegion = en;
			hasScannedForEncodings = 0;
			knownRegions = (
				en,
				Base,
			);
			mainGroup = 135524632162A7FE0022B493;
			productRefGroup = 1355246D2162A7FE0022B493 /* Products */;
			projectDirPath = "";
			projectRoot = "";
			targets = (
				1355246B2162A7FE0022B493 /* ios-planets-objc */,
			);
		};
/* End PBXProject section */

/* Begin PBXResourcesBuildPhase section */
		1355246A2162A7FE0022B493 /* Resources */ = {
			isa = PBXResourcesBuildPhase;
			buildActionMask = 2147483647;
			files = (
				1355247C2162A7FF0022B493 /* LaunchScreen.storyboard in Resources */,
				135524792162A7FF0022B493 /* Assets.xcassets in Resources */,
				135524772162A7FE0022B493 /* Main.storyboard in Resources */,
			);
			runOnlyForDeploymentPostprocessing = 0;
		};
/* End PBXResourcesBuildPhase section */

/* Begin PBXSourcesBuildPhase section */
		135524682162A7FE0022B493 /* Sources */ = {
			isa = PBXSourcesBuildPhase;
			buildActionMask = 2147483647;
			files = (
				1355248D2162B7290022B493 /* PlanetCollectionViewCell.m in Sources */,
				1355247F2162A7FF0022B493 /* main.m in Sources */,
				135524902162B80E0022B493 /* SettingsViewController.m in Sources */,
				135524982162BA840022B493 /* CGAPlanetController.m in Sources */,
				135524872162B2CE0022B493 /* PlanetsCollectionViewController.m in Sources */,
				135524712162A7FE0022B493 /* AppDelegate.m in Sources */,
				135524942162B9730022B493 /* CGAPlanet.m in Sources */,
			);
			runOnlyForDeploymentPostprocessing = 0;
		};
/* End PBXSourcesBuildPhase section */

/* Begin PBXVariantGroup section */
		135524752162A7FE0022B493 /* Main.storyboard */ = {
			isa = PBXVariantGroup;
			children = (
				135524762162A7FE0022B493 /* Base */,
			);
			name = Main.storyboard;
			sourceTree = "<group>";
		};
		1355247A2162A7FF0022B493 /* LaunchScreen.storyboard */ = {
			isa = PBXVariantGroup;
			children = (
				1355247B2162A7FF0022B493 /* Base */,
			);
			name = LaunchScreen.storyboard;
			sourceTree = "<group>";
		};
/* End PBXVariantGroup section */

/* Begin XCBuildConfiguration section */
		135524802162A7FF0022B493 /* Debug */ = {
			isa = XCBuildConfiguration;
			buildSettings = {
				ALWAYS_SEARCH_USER_PATHS = NO;
				CLANG_ANALYZER_NONNULL = YES;
				CLANG_ANALYZER_NUMBER_OBJECT_CONVERSION = YES_AGGRESSIVE;
				CLANG_CXX_LANGUAGE_STANDARD = "gnu++14";
				CLANG_CXX_LIBRARY = "libc++";
				CLANG_ENABLE_MODULES = YES;
				CLANG_ENABLE_OBJC_ARC = YES;
				CLANG_ENABLE_OBJC_WEAK = YES;
				CLANG_WARN_BLOCK_CAPTURE_AUTORELEASING = YES;
				CLANG_WARN_BOOL_CONVERSION = YES;
				CLANG_WARN_COMMA = YES;
				CLANG_WARN_CONSTANT_CONVERSION = YES;
				CLANG_WARN_DEPRECATED_OBJC_IMPLEMENTATIONS = YES;
				CLANG_WARN_DIRECT_OBJC_ISA_USAGE = YES_ERROR;
				CLANG_WARN_DOCUMENTATION_COMMENTS = YES;
				CLANG_WARN_EMPTY_BODY = YES;
				CLANG_WARN_ENUM_CONVERSION = YES;
				CLANG_WARN_INFINITE_RECURSION = YES;
				CLANG_WARN_INT_CONVERSION = YES;
				CLANG_WARN_NON_LITERAL_NULL_CONVERSION = YES;
				CLANG_WARN_OBJC_IMPLICIT_RETAIN_SELF = YES;
				CLANG_WARN_OBJC_LITERAL_CONVERSION = YES;
				CLANG_WARN_OBJC_ROOT_CLASS = YES_ERROR;
				CLANG_WARN_RANGE_LOOP_ANALYSIS = YES;
				CLANG_WARN_STRICT_PROTOTYPES = YES;
				CLANG_WARN_SUSPICIOUS_MOVE = YES;
				CLANG_WARN_UNGUARDED_AVAILABILITY = YES_AGGRESSIVE;
				CLANG_WARN_UNREACHABLE_CODE = YES;
				CLANG_WARN__DUPLICATE_METHOD_MATCH = YES;
				CODE_SIGN_IDENTITY = "iPhone Developer";
				COPY_PHASE_STRIP = NO;
				DEBUG_INFORMATION_FORMAT = dwarf;
				ENABLE_STRICT_OBJC_MSGSEND = YES;
				ENABLE_TESTABILITY = YES;
				GCC_C_LANGUAGE_STANDARD = gnu11;
				GCC_DYNAMIC_NO_PIC = NO;
				GCC_NO_COMMON_BLOCKS = YES;
				GCC_OPTIMIZATION_LEVEL = 0;
				GCC_PREPROCESSOR_DEFINITIONS = (
					"DEBUG=1",
					"$(inherited)",
				);
				GCC_WARN_64_TO_32_BIT_CONVERSION = YES;
				GCC_WARN_ABOUT_RETURN_TYPE = YES_ERROR;
				GCC_WARN_UNDECLARED_SELECTOR = YES;
				GCC_WARN_UNINITIALIZED_AUTOS = YES_AGGRESSIVE;
				GCC_WARN_UNUSED_FUNCTION = YES;
				GCC_WARN_UNUSED_VARIABLE = YES;
				IPHONEOS_DEPLOYMENT_TARGET = 12.0;
				MTL_ENABLE_DEBUG_INFO = INCLUDE_SOURCE;
				MTL_FAST_MATH = YES;
				ONLY_ACTIVE_ARCH = YES;
				SDKROOT = iphoneos;
			};
			name = Debug;
		};
		135524812162A7FF0022B493 /* Release */ = {
			isa = XCBuildConfiguration;
			buildSettings = {
				ALWAYS_SEARCH_USER_PATHS = NO;
				CLANG_ANALYZER_NONNULL = YES;
				CLANG_ANALYZER_NUMBER_OBJECT_CONVERSION = YES_AGGRESSIVE;
				CLANG_CXX_LANGUAGE_STANDARD = "gnu++14";
				CLANG_CXX_LIBRARY = "libc++";
				CLANG_ENABLE_MODULES = YES;
				CLANG_ENABLE_OBJC_ARC = YES;
				CLANG_ENABLE_OBJC_WEAK = YES;
				CLANG_WARN_BLOCK_CAPTURE_AUTORELEASING = YES;
				CLANG_WARN_BOOL_CONVERSION = YES;
				CLANG_WARN_COMMA = YES;
				CLANG_WARN_CONSTANT_CONVERSION = YES;
				CLANG_WARN_DEPRECATED_OBJC_IMPLEMENTATIONS = YES;
				CLANG_WARN_DIRECT_OBJC_ISA_USAGE = YES_ERROR;
				CLANG_WARN_DOCUMENTATION_COMMENTS = YES;
				CLANG_WARN_EMPTY_BODY = YES;
				CLANG_WARN_ENUM_CONVERSION = YES;
				CLANG_WARN_INFINITE_RECURSION = YES;
				CLANG_WARN_INT_CONVERSION = YES;
				CLANG_WARN_NON_LITERAL_NULL_CONVERSION = YES;
				CLANG_WARN_OBJC_IMPLICIT_RETAIN_SELF = YES;
				CLANG_WARN_OBJC_LITERAL_CONVERSION = YES;
				CLANG_WARN_OBJC_ROOT_CLASS = YES_ERROR;
				CLANG_WARN_RANGE_LOOP_ANALYSIS = YES;
				CLANG_WARN_STRICT_PROTOTYPES = YES;
				CLANG_WARN_SUSPICIOUS_MOVE = YES;
				CLANG_WARN_UNGUARDED_AVAILABILITY = YES_AGGRESSIVE;
				CLANG_WARN_UNREACHABLE_CODE = YES;
				CLANG_WARN__DUPLICATE_METHOD_MATCH = YES;
				CODE_SIGN_IDENTITY = "iPhone Developer";
				COPY_PHASE_STRIP = NO;
				DEBUG_INFORMATION_FORMAT = "dwarf-with-dsym";
				ENABLE_NS_ASSERTIONS = NO;
				ENABLE_STRICT_OBJC_MSGSEND = YES;
				GCC_C_LANGUAGE_STANDARD = gnu11;
				GCC_NO_COMMON_BLOCKS = YES;
				GCC_WARN_64_TO_32_BIT_CONVERSION = YES;
				GCC_WARN_ABOUT_RETURN_TYPE = YES_ERROR;
				GCC_WARN_UNDECLARED_SELECTOR = YES;
				GCC_WARN_UNINITIALIZED_AUTOS = YES_AGGRESSIVE;
				GCC_WARN_UNUSED_FUNCTION = YES;
				GCC_WARN_UNUSED_VARIABLE = YES;
				IPHONEOS_DEPLOYMENT_TARGET = 12.0;
				MTL_ENABLE_DEBUG_INFO = NO;
				MTL_FAST_MATH = YES;
				SDKROOT = iphoneos;
				VALIDATE_PRODUCT = YES;
			};
			name = Release;
		};
		135524832162A7FF0022B493 /* Debug */ = {
			isa = XCBuildConfiguration;
			buildSettings = {
				ASSETCATALOG_COMPILER_APPICON_NAME = AppIcon;
				CODE_SIGN_STYLE = Automatic;
				INFOPLIST_FILE = "$(SRCROOT)/ios-planets-objc/Resources/Info.plist";
				LD_RUNPATH_SEARCH_PATHS = (
					"$(inherited)",
					"@executable_path/Frameworks",
				);
				PRODUCT_BUNDLE_IDENTIFIER = "Conner.Lambda.ios-planets-objc";
				PRODUCT_NAME = "$(TARGET_NAME)";
				TARGETED_DEVICE_FAMILY = "1,2";
			};
			name = Debug;
		};
		135524842162A7FF0022B493 /* Release */ = {
			isa = XCBuildConfiguration;
			buildSettings = {
				ASSETCATALOG_COMPILER_APPICON_NAME = AppIcon;
				CODE_SIGN_STYLE = Automatic;
				INFOPLIST_FILE = "$(SRCROOT)/ios-planets-objc/Resources/Info.plist";
				LD_RUNPATH_SEARCH_PATHS = (
					"$(inherited)",
					"@executable_path/Frameworks",
				);
				PRODUCT_BUNDLE_IDENTIFIER = "Conner.Lambda.ios-planets-objc";
				PRODUCT_NAME = "$(TARGET_NAME)";
				TARGETED_DEVICE_FAMILY = "1,2";
			};
			name = Release;
		};
/* End XCBuildConfiguration section */

/* Begin XCConfigurationList section */
		135524672162A7FE0022B493 /* Build configuration list for PBXProject "ios-planets-objc" */ = {
			isa = XCConfigurationList;
			buildConfigurations = (
				135524802162A7FF0022B493 /* Debug */,
				135524812162A7FF0022B493 /* Release */,
			);
			defaultConfigurationIsVisible = 0;
			defaultConfigurationName = Release;
		};
		135524822162A7FF0022B493 /* Build configuration list for PBXNativeTarget "ios-planets-objc" */ = {
			isa = XCConfigurationList;
			buildConfigurations = (
				135524832162A7FF0022B493 /* Debug */,
				135524842162A7FF0022B493 /* Release */,
			);
			defaultConfigurationIsVisible = 0;
			defaultConfigurationName = Release;
		};
/* End XCConfigurationList section */
	};
	rootObject = 135524642162A7FE0022B493 /* Project object */;
}
