// !$*UTF8*$!
{
	archiveVersion = 1;
	classes = {
	};
	objectVersion = 50;
	objects = {

/* Begin PBXBuildFile section */
		ECE43AE822DD09A200565A16 /* AppDelegate.m in Sources */ = {isa = PBXBuildFile; fileRef = ECE43AE722DD09A200565A16 /* AppDelegate.m */; };
		ECE43AEE22DD09A200565A16 /* Main.storyboard in Resources */ = {isa = PBXBuildFile; fileRef = ECE43AEC22DD09A200565A16 /* Main.storyboard */; };
		ECE43AF022DD09A300565A16 /* Assets.xcassets in Resources */ = {isa = PBXBuildFile; fileRef = ECE43AEF22DD09A300565A16 /* Assets.xcassets */; };
		ECE43AF322DD09A300565A16 /* LaunchScreen.storyboard in Resources */ = {isa = PBXBuildFile; fileRef = ECE43AF122DD09A300565A16 /* LaunchScreen.storyboard */; };
		ECE43AF622DD09A300565A16 /* main.m in Sources */ = {isa = PBXBuildFile; fileRef = ECE43AF522DD09A300565A16 /* main.m */; };
		ECE43B0122DD0D2700565A16 /* KRCPlanetsCollectionViewController.m in Sources */ = {isa = PBXBuildFile; fileRef = ECE43B0022DD0D2700565A16 /* KRCPlanetsCollectionViewController.m */; };
		ECE43B0522DD0F3E00565A16 /* KRCPlanetCollectionViewCell.m in Sources */ = {isa = PBXBuildFile; fileRef = ECE43B0422DD0F3E00565A16 /* KRCPlanetCollectionViewCell.m */; };
		ECE43B0822DD13C600565A16 /* KRCSettingsViewController.m in Sources */ = {isa = PBXBuildFile; fileRef = ECE43B0722DD13C600565A16 /* KRCSettingsViewController.m */; };
/* End PBXBuildFile section */

/* Begin PBXFileReference section */
		ECE43AE322DD09A100565A16 /* Planets.app */ = {isa = PBXFileReference; explicitFileType = wrapper.application; includeInIndex = 0; path = Planets.app; sourceTree = BUILT_PRODUCTS_DIR; };
		ECE43AE622DD09A200565A16 /* AppDelegate.h */ = {isa = PBXFileReference; lastKnownFileType = sourcecode.c.h; path = AppDelegate.h; sourceTree = "<group>"; };
		ECE43AE722DD09A200565A16 /* AppDelegate.m */ = {isa = PBXFileReference; lastKnownFileType = sourcecode.c.objc; path = AppDelegate.m; sourceTree = "<group>"; };
		ECE43AED22DD09A200565A16 /* Base */ = {isa = PBXFileReference; lastKnownFileType = file.storyboard; name = Base; path = Base.lproj/Main.storyboard; sourceTree = "<group>"; };
		ECE43AEF22DD09A300565A16 /* Assets.xcassets */ = {isa = PBXFileReference; lastKnownFileType = folder.assetcatalog; path = Assets.xcassets; sourceTree = "<group>"; };
		ECE43AF222DD09A300565A16 /* Base */ = {isa = PBXFileReference; lastKnownFileType = file.storyboard; name = Base; path = Base.lproj/LaunchScreen.storyboard; sourceTree = "<group>"; };
		ECE43AF422DD09A300565A16 /* Info.plist */ = {isa = PBXFileReference; lastKnownFileType = text.plist.xml; path = Info.plist; sourceTree = "<group>"; };
		ECE43AF522DD09A300565A16 /* main.m */ = {isa = PBXFileReference; lastKnownFileType = sourcecode.c.objc; path = main.m; sourceTree = "<group>"; };
		ECE43AFF22DD0D2700565A16 /* KRCPlanetsCollectionViewController.h */ = {isa = PBXFileReference; lastKnownFileType = sourcecode.c.h; path = KRCPlanetsCollectionViewController.h; sourceTree = "<group>"; };
		ECE43B0022DD0D2700565A16 /* KRCPlanetsCollectionViewController.m */ = {isa = PBXFileReference; lastKnownFileType = sourcecode.c.objc; path = KRCPlanetsCollectionViewController.m; sourceTree = "<group>"; };
		ECE43B0322DD0F3E00565A16 /* KRCPlanetCollectionViewCell.h */ = {isa = PBXFileReference; lastKnownFileType = sourcecode.c.h; path = KRCPlanetCollectionViewCell.h; sourceTree = "<group>"; };
		ECE43B0422DD0F3E00565A16 /* KRCPlanetCollectionViewCell.m */ = {isa = PBXFileReference; lastKnownFileType = sourcecode.c.objc; path = KRCPlanetCollectionViewCell.m; sourceTree = "<group>"; };
		ECE43B0622DD13C600565A16 /* KRCSettingsViewController.h */ = {isa = PBXFileReference; lastKnownFileType = sourcecode.c.h; path = KRCSettingsViewController.h; sourceTree = "<group>"; };
		ECE43B0722DD13C600565A16 /* KRCSettingsViewController.m */ = {isa = PBXFileReference; lastKnownFileType = sourcecode.c.objc; path = KRCSettingsViewController.m; sourceTree = "<group>"; };
/* End PBXFileReference section */

/* Begin PBXFrameworksBuildPhase section */
		ECE43AE022DD09A100565A16 /* Frameworks */ = {
			isa = PBXFrameworksBuildPhase;
			buildActionMask = 2147483647;
			files = (
			);
			runOnlyForDeploymentPostprocessing = 0;
		};
/* End PBXFrameworksBuildPhase section */

/* Begin PBXGroup section */
		ECE43ADA22DD09A100565A16 = {
			isa = PBXGroup;
			children = (
				ECE43AE522DD09A100565A16 /* Planets */,
				ECE43AE422DD09A100565A16 /* Products */,
			);
			sourceTree = "<group>";
		};
		ECE43AE422DD09A100565A16 /* Products */ = {
			isa = PBXGroup;
			children = (
				ECE43AE322DD09A100565A16 /* Planets.app */,
			);
			name = Products;
			sourceTree = "<group>";
		};
		ECE43AE522DD09A100565A16 /* Planets */ = {
			isa = PBXGroup;
			children = (
				ECE43B0222DD0F1100565A16 /* Views */,
				ECE43AFE22DD0D1200565A16 /* View Contollers */,
				ECE43AFC22DD0B9600565A16 /* Storyboards */,
				ECE43AFD22DD0BB000565A16 /* Resources */,
			);
			path = Planets;
			sourceTree = "<group>";
		};
		ECE43AFC22DD0B9600565A16 /* Storyboards */ = {
			isa = PBXGroup;
			children = (
				ECE43AEC22DD09A200565A16 /* Main.storyboard */,
				ECE43AF122DD09A300565A16 /* LaunchScreen.storyboard */,
			);
			path = Storyboards;
			sourceTree = "<group>";
		};
		ECE43AFD22DD0BB000565A16 /* Resources */ = {
			isa = PBXGroup;
			children = (
				ECE43AE622DD09A200565A16 /* AppDelegate.h */,
				ECE43AE722DD09A200565A16 /* AppDelegate.m */,
				ECE43AEF22DD09A300565A16 /* Assets.xcassets */,
				ECE43AF422DD09A300565A16 /* Info.plist */,
				ECE43AF522DD09A300565A16 /* main.m */,
			);
			path = Resources;
			sourceTree = "<group>";
		};
		ECE43AFE22DD0D1200565A16 /* View Contollers */ = {
			isa = PBXGroup;
			children = (
				ECE43B0622DD13C600565A16 /* KRCSettingsViewController.h */,
				ECE43B0722DD13C600565A16 /* KRCSettingsViewController.m */,
				ECE43AFF22DD0D2700565A16 /* KRCPlanetsCollectionViewController.h */,
				ECE43B0022DD0D2700565A16 /* KRCPlanetsCollectionViewController.m */,
			);
			path = "View Contollers";
			sourceTree = "<group>";
		};
		ECE43B0222DD0F1100565A16 /* Views */ = {
			isa = PBXGroup;
			children = (
				ECE43B0322DD0F3E00565A16 /* KRCPlanetCollectionViewCell.h */,
				ECE43B0422DD0F3E00565A16 /* KRCPlanetCollectionViewCell.m */,
			);
			path = Views;
			sourceTree = "<group>";
		};
/* End PBXGroup section */

/* Begin PBXNativeTarget section */
		ECE43AE222DD09A100565A16 /* Planets */ = {
			isa = PBXNativeTarget;
			buildConfigurationList = ECE43AF922DD09A300565A16 /* Build configuration list for PBXNativeTarget "Planets" */;
			buildPhases = (
				ECE43ADF22DD09A100565A16 /* Sources */,
				ECE43AE022DD09A100565A16 /* Frameworks */,
				ECE43AE122DD09A100565A16 /* Resources */,
			);
			buildRules = (
			);
			dependencies = (
			);
			name = Planets;
			productName = Planets;
			productReference = ECE43AE322DD09A100565A16 /* Planets.app */;
			productType = "com.apple.product-type.application";
		};
/* End PBXNativeTarget section */

/* Begin PBXProject section */
		ECE43ADB22DD09A100565A16 /* Project object */ = {
			isa = PBXProject;
			attributes = {
				CLASSPREFIX = KRC;
				LastUpgradeCheck = 1020;
				ORGANIZATIONNAME = "Christopher Aronson";
				TargetAttributes = {
					ECE43AE222DD09A100565A16 = {
						CreatedOnToolsVersion = 10.2.1;
					};
				};
			};
			buildConfigurationList = ECE43ADE22DD09A100565A16 /* Build configuration list for PBXProject "Planets" */;
			compatibilityVersion = "Xcode 9.3";
			developmentRegion = en;
			hasScannedForEncodings = 0;
			knownRegions = (
				en,
				Base,
			);
			mainGroup = ECE43ADA22DD09A100565A16;
			productRefGroup = ECE43AE422DD09A100565A16 /* Products */;
			projectDirPath = "";
			projectRoot = "";
			targets = (
				ECE43AE222DD09A100565A16 /* Planets */,
			);
		};
/* End PBXProject section */

/* Begin PBXResourcesBuildPhase section */
		ECE43AE122DD09A100565A16 /* Resources */ = {
			isa = PBXResourcesBuildPhase;
			buildActionMask = 2147483647;
			files = (
				ECE43AF322DD09A300565A16 /* LaunchScreen.storyboard in Resources */,
				ECE43AF022DD09A300565A16 /* Assets.xcassets in Resources */,
				ECE43AEE22DD09A200565A16 /* Main.storyboard in Resources */,
			);
			runOnlyForDeploymentPostprocessing = 0;
		};
/* End PBXResourcesBuildPhase section */

/* Begin PBXSourcesBuildPhase section */
		ECE43ADF22DD09A100565A16 /* Sources */ = {
			isa = PBXSourcesBuildPhase;
			buildActionMask = 2147483647;
			files = (
				ECE43AF622DD09A300565A16 /* main.m in Sources */,
				ECE43B0122DD0D2700565A16 /* KRCPlanetsCollectionViewController.m in Sources */,
				ECE43AE822DD09A200565A16 /* AppDelegate.m in Sources */,
				ECE43B0822DD13C600565A16 /* KRCSettingsViewController.m in Sources */,
				ECE43B0522DD0F3E00565A16 /* KRCPlanetCollectionViewCell.m in Sources */,
			);
			runOnlyForDeploymentPostprocessing = 0;
		};
/* End PBXSourcesBuildPhase section */

/* Begin PBXVariantGroup section */
		ECE43AEC22DD09A200565A16 /* Main.storyboard */ = {
			isa = PBXVariantGroup;
			children = (
				ECE43AED22DD09A200565A16 /* Base */,
			);
			name = Main.storyboard;
			sourceTree = "<group>";
		};
		ECE43AF122DD09A300565A16 /* LaunchScreen.storyboard */ = {
			isa = PBXVariantGroup;
			children = (
				ECE43AF222DD09A300565A16 /* Base */,
			);
			name = LaunchScreen.storyboard;
			sourceTree = "<group>";
		};
/* End PBXVariantGroup section */

/* Begin XCBuildConfiguration section */
		ECE43AF722DD09A300565A16 /* Debug */ = {
			isa = XCBuildConfiguration;
			buildSettings = {
				ALWAYS_SEARCH_USER_PATHS = NO;
				CLANG_ANALYZER_NONNULL = YES;
				CLANG_ANALYZER_NUMBER_OBJECT_CONVERSION = YES_AGGRESSIVE;
				CLANG_CXX_LANGUAGE_STANDARD = "gnu++14";
				CLANG_CXX_LIBRARY = "libc++";
				CLANG_ENABLE_MODULES = YES;
				CLANG_ENABLE_OBJC_ARC = YES;
				CLANG_ENABLE_OBJC_WEAK = YES;
				CLANG_WARN_BLOCK_CAPTURE_AUTORELEASING = YES;
				CLANG_WARN_BOOL_CONVERSION = YES;
				CLANG_WARN_COMMA = YES;
				CLANG_WARN_CONSTANT_CONVERSION = YES;
				CLANG_WARN_DEPRECATED_OBJC_IMPLEMENTATIONS = YES;
				CLANG_WARN_DIRECT_OBJC_ISA_USAGE = YES_ERROR;
				CLANG_WARN_DOCUMENTATION_COMMENTS = YES;
				CLANG_WARN_EMPTY_BODY = YES;
				CLANG_WARN_ENUM_CONVERSION = YES;
				CLANG_WARN_INFINITE_RECURSION = YES;
				CLANG_WARN_INT_CONVERSION = YES;
				CLANG_WARN_NON_LITERAL_NULL_CONVERSION = YES;
				CLANG_WARN_OBJC_IMPLICIT_RETAIN_SELF = YES;
				CLANG_WARN_OBJC_LITERAL_CONVERSION = YES;
				CLANG_WARN_OBJC_ROOT_CLASS = YES_ERROR;
				CLANG_WARN_RANGE_LOOP_ANALYSIS = YES;
				CLANG_WARN_STRICT_PROTOTYPES = YES;
				CLANG_WARN_SUSPICIOUS_MOVE = YES;
				CLANG_WARN_UNGUARDED_AVAILABILITY = YES_AGGRESSIVE;
				CLANG_WARN_UNREACHABLE_CODE = YES;
				CLANG_WARN__DUPLICATE_METHOD_MATCH = YES;
				CODE_SIGN_IDENTITY = "iPhone Developer";
				COPY_PHASE_STRIP = NO;
				DEBUG_INFORMATION_FORMAT = dwarf;
				ENABLE_STRICT_OBJC_MSGSEND = YES;
				ENABLE_TESTABILITY = YES;
				GCC_C_LANGUAGE_STANDARD = gnu11;
				GCC_DYNAMIC_NO_PIC = NO;
				GCC_NO_COMMON_BLOCKS = YES;
				GCC_OPTIMIZATION_LEVEL = 0;
				GCC_PREPROCESSOR_DEFINITIONS = (
					"DEBUG=1",
					"$(inherited)",
				);
				GCC_WARN_64_TO_32_BIT_CONVERSION = YES;
				GCC_WARN_ABOUT_RETURN_TYPE = YES_ERROR;
				GCC_WARN_UNDECLARED_SELECTOR = YES;
				GCC_WARN_UNINITIALIZED_AUTOS = YES_AGGRESSIVE;
				GCC_WARN_UNUSED_FUNCTION = YES;
				GCC_WARN_UNUSED_VARIABLE = YES;
				IPHONEOS_DEPLOYMENT_TARGET = 12.2;
				MTL_ENABLE_DEBUG_INFO = INCLUDE_SOURCE;
				MTL_FAST_MATH = YES;
				ONLY_ACTIVE_ARCH = YES;
				SDKROOT = iphoneos;
			};
			name = Debug;
		};
		ECE43AF822DD09A300565A16 /* Release */ = {
			isa = XCBuildConfiguration;
			buildSettings = {
				ALWAYS_SEARCH_USER_PATHS = NO;
				CLANG_ANALYZER_NONNULL = YES;
				CLANG_ANALYZER_NUMBER_OBJECT_CONVERSION = YES_AGGRESSIVE;
				CLANG_CXX_LANGUAGE_STANDARD = "gnu++14";
				CLANG_CXX_LIBRARY = "libc++";
				CLANG_ENABLE_MODULES = YES;
				CLANG_ENABLE_OBJC_ARC = YES;
				CLANG_ENABLE_OBJC_WEAK = YES;
				CLANG_WARN_BLOCK_CAPTURE_AUTORELEASING = YES;
				CLANG_WARN_BOOL_CONVERSION = YES;
				CLANG_WARN_COMMA = YES;
				CLANG_WARN_CONSTANT_CONVERSION = YES;
				CLANG_WARN_DEPRECATED_OBJC_IMPLEMENTATIONS = YES;
				CLANG_WARN_DIRECT_OBJC_ISA_USAGE = YES_ERROR;
				CLANG_WARN_DOCUMENTATION_COMMENTS = YES;
				CLANG_WARN_EMPTY_BODY = YES;
				CLANG_WARN_ENUM_CONVERSION = YES;
				CLANG_WARN_INFINITE_RECURSION = YES;
				CLANG_WARN_INT_CONVERSION = YES;
				CLANG_WARN_NON_LITERAL_NULL_CONVERSION = YES;
				CLANG_WARN_OBJC_IMPLICIT_RETAIN_SELF = YES;
				CLANG_WARN_OBJC_LITERAL_CONVERSION = YES;
				CLANG_WARN_OBJC_ROOT_CLASS = YES_ERROR;
				CLANG_WARN_RANGE_LOOP_ANALYSIS = YES;
				CLANG_WARN_STRICT_PROTOTYPES = YES;
				CLANG_WARN_SUSPICIOUS_MOVE = YES;
				CLANG_WARN_UNGUARDED_AVAILABILITY = YES_AGGRESSIVE;
				CLANG_WARN_UNREACHABLE_CODE = YES;
				CLANG_WARN__DUPLICATE_METHOD_MATCH = YES;
				CODE_SIGN_IDENTITY = "iPhone Developer";
				COPY_PHASE_STRIP = NO;
				DEBUG_INFORMATION_FORMAT = "dwarf-with-dsym";
				ENABLE_NS_ASSERTIONS = NO;
				ENABLE_STRICT_OBJC_MSGSEND = YES;
				GCC_C_LANGUAGE_STANDARD = gnu11;
				GCC_NO_COMMON_BLOCKS = YES;
				GCC_WARN_64_TO_32_BIT_CONVERSION = YES;
				GCC_WARN_ABOUT_RETURN_TYPE = YES_ERROR;
				GCC_WARN_UNDECLARED_SELECTOR = YES;
				GCC_WARN_UNINITIALIZED_AUTOS = YES_AGGRESSIVE;
				GCC_WARN_UNUSED_FUNCTION = YES;
				GCC_WARN_UNUSED_VARIABLE = YES;
				IPHONEOS_DEPLOYMENT_TARGET = 12.2;
				MTL_ENABLE_DEBUG_INFO = NO;
				MTL_FAST_MATH = YES;
				SDKROOT = iphoneos;
				VALIDATE_PRODUCT = YES;
			};
			name = Release;
		};
		ECE43AFA22DD09A300565A16 /* Debug */ = {
			isa = XCBuildConfiguration;
			buildSettings = {
				ASSETCATALOG_COMPILER_APPICON_NAME = AppIcon;
				CODE_SIGN_STYLE = Automatic;
				DEVELOPMENT_TEAM = 66AJPZAPLQ;
				INFOPLIST_FILE = "$(SRCROOT)/Planets/Resources/Info.plist";
				LD_RUNPATH_SEARCH_PATHS = (
					"$(inherited)",
					"@executable_path/Frameworks",
				);
				PRODUCT_BUNDLE_IDENTIFIER = io.christopheraronson.Planets;
				PRODUCT_NAME = "$(TARGET_NAME)";
				TARGETED_DEVICE_FAMILY = "1,2";
			};
			name = Debug;
		};
		ECE43AFB22DD09A300565A16 /* Release */ = {
			isa = XCBuildConfiguration;
			buildSettings = {
				ASSETCATALOG_COMPILER_APPICON_NAME = AppIcon;
				CODE_SIGN_STYLE = Automatic;
				DEVELOPMENT_TEAM = 66AJPZAPLQ;
				INFOPLIST_FILE = "$(SRCROOT)/Planets/Resources/Info.plist";
				LD_RUNPATH_SEARCH_PATHS = (
					"$(inherited)",
					"@executable_path/Frameworks",
				);
				PRODUCT_BUNDLE_IDENTIFIER = io.christopheraronson.Planets;
				PRODUCT_NAME = "$(TARGET_NAME)";
				TARGETED_DEVICE_FAMILY = "1,2";
			};
			name = Release;
		};
/* End XCBuildConfiguration section */

/* Begin XCConfigurationList section */
		ECE43ADE22DD09A100565A16 /* Build configuration list for PBXProject "Planets" */ = {
			isa = XCConfigurationList;
			buildConfigurations = (
				ECE43AF722DD09A300565A16 /* Debug */,
				ECE43AF822DD09A300565A16 /* Release */,
			);
			defaultConfigurationIsVisible = 0;
			defaultConfigurationName = Release;
		};
		ECE43AF922DD09A300565A16 /* Build configuration list for PBXNativeTarget "Planets" */ = {
			isa = XCConfigurationList;
			buildConfigurations = (
				ECE43AFA22DD09A300565A16 /* Debug */,
				ECE43AFB22DD09A300565A16 /* Release */,
			);
			defaultConfigurationIsVisible = 0;
			defaultConfigurationName = Release;
		};
/* End XCConfigurationList section */
	};
	rootObject = ECE43ADB22DD09A100565A16 /* Project object */;
}
